
Microsoft Visual Studio Solution File, Format Version 12.00
# Visual Studio 15
Project("{FAE04EC0-301F-11D3-BF4B-00C04F79EFBC}") = "Unity.RenderPipelines.Core.Runtime", "Unity.RenderPipelines.Core.Runtime.csproj", "{8352649E-2CB7-8146-DEEB-C88A1C50A3C4}"
EndProject
Project("{FAE04EC0-301F-11D3-BF4B-00C04F79EFBC}") = "UnityEngine.TestRunner", "UnityEngine.TestRunner.csproj", "{EB79C948-C957-77D4-2A13-C62A0731551D}"
EndProject
Project("{FAE04EC0-301F-11D3-BF4B-00C04F79EFBC}") = "UnityEngine.UI", "UnityEngine.UI.csproj", "{8793F77A-4997-23A9-2630-0A5DD76D5C14}"
EndProject
Project("{FAE04EC0-301F-11D3-BF4B-00C04F79EFBC}") = "Unity.VisualScripting.Flow", "Unity.VisualScripting.Flow.csproj", "{E261F88E-4868-1B40-373E-DB5EC2E5A6CC}"
EndProject
Project("{FAE04EC0-301F-11D3-BF4B-00C04F79EFBC}") = "Unity.Mathematics", "Unity.Mathematics.csproj", "{FCFEDC95-E82C-F27C-0CFA-6E6137275908}"
EndProject
Project("{FAE04EC0-301F-11D3-BF4B-00C04F79EFBC}") = "Unity.XR.ARFoundation", "Unity.XR.ARFoundation.csproj", "{B9F8F14A-417F-097F-392D-1C156AD1DEB6}"
EndProject
Project("{FAE04EC0-301F-11D3-BF4B-00C04F79EFBC}") = "Unity.XR.ARKit", "Unity.XR.ARKit.csproj", "{E39D3DED-7EC7-4FD0-A730-6FF97AB16CB6}"
EndProject
Project("{FAE04EC0-301F-11D3-BF4B-00C04F79EFBC}") = "Unity.XR.ARSubsystems", "Unity.XR.ARSubsystems.csproj", "{109793A5-D851-ADCE-7DA6-709B559E7DF9}"
EndProject
Project("{FAE04EC0-301F-11D3-BF4B-00C04F79EFBC}") = "Unity.XR.ARCore", "Unity.XR.ARCore.csproj", "{97D121A6-6512-B06C-CC2C-342340526833}"
EndProject
Project("{FAE04EC0-301F-11D3-BF4B-00C04F79EFBC}") = "Unity.VisualScripting.State", "Unity.VisualScripting.State.csproj", "{704592DD-7CA5-5F7A-458B-F53005F08A09}"
EndProject
Project("{FAE04EC0-301F-11D3-BF4B-00C04F79EFBC}") = "Unity.VisualScripting.Core", "Unity.VisualScripting.Core.csproj", "{9ABD847C-9DE2-E022-CB3C-A7DD77E81374}"
EndProject
Project("{FAE04EC0-301F-11D3-BF4B-00C04F79EFBC}") = "Unity.RenderPipelines.Universal.Runtime", "Unity.RenderPipelines.Universal.Runtime.csproj", "{1CBD58A8-D741-2873-BEF3-FA97F633D196}"
EndProject
Project("{FAE04EC0-301F-11D3-BF4B-00C04F79EFBC}") = "Unity.XR.ARKit.FaceTracking", "Unity.XR.ARKit.FaceTracking.csproj", "{1D5D249A-9BB3-1644-2764-11083791412B}"
EndProject
Project("{FAE04EC0-301F-11D3-BF4B-00C04F79EFBC}") = "UnityEngine.XR.LegacyInputHelpers", "UnityEngine.XR.LegacyInputHelpers.csproj", "{5AAAFF4D-D930-755C-7446-843C5A783E78}"
EndProject
Project("{FAE04EC0-301F-11D3-BF4B-00C04F79EFBC}") = "Unity.Burst", "Unity.Burst.csproj", "{5D987EA7-BC08-7AFA-DCD8-DBC111B3C0A7}"
EndProject
Project("{FAE04EC0-301F-11D3-BF4B-00C04F79EFBC}") = "Unity.TextMeshPro", "Unity.TextMeshPro.csproj", "{96470F3B-EB9D-1287-9BC9-8E011CD31401}"
EndProject
Project("{FAE04EC0-301F-11D3-BF4B-00C04F79EFBC}") = "Unity.Timeline", "Unity.Timeline.csproj", "{E79CCE34-3273-4FA0-835F-937C5F723EA9}"
EndProject
Project("{FAE04EC0-301F-11D3-BF4B-00C04F79EFBC}") = "Unity.RenderPipeline.Universal.ShaderLibrary", "Unity.RenderPipeline.Universal.ShaderLibrary.csproj", "{55FF77BE-CC36-F013-3D77-11C60BA8BA42}"
EndProject
Project("{FAE04EC0-301F-11D3-BF4B-00C04F79EFBC}") = "Unity.XR.Management", "Unity.XR.Management.csproj", "{787F5175-7AE2-9704-D6D9-2277AECE95CA}"
EndProject
Project("{FAE04EC0-301F-11D3-BF4B-00C04F79EFBC}") = "Unity.RenderPipelines.Core.ShaderLibrary", "Unity.RenderPipelines.Core.ShaderLibrary.csproj", "{76C8FE30-B2DA-2DBC-0734-B47D3CAAD6FB}"
EndProject
Project("{FAE04EC0-301F-11D3-BF4B-00C04F79EFBC}") = "UnityEngine.SpatialTracking", "UnityEngine.SpatialTracking.csproj", "{967898F3-A231-4C0F-F7DD-5E2428236050}"
EndProject
Project("{FAE04EC0-301F-11D3-BF4B-00C04F79EFBC}") = "Assembly-CSharp", "Assembly-CSharp.csproj", "{B6625724-F5D8-9375-F622-A6126175DD38}"
EndProject
Project("{FAE04EC0-301F-11D3-BF4B-00C04F79EFBC}") = "Unity.Subsystem.Registration", "Unity.Subsystem.Registration.csproj", "{66FCB64B-6AE4-98F1-1B0E-07616A75BF24}"
EndProject
Project("{FAE04EC0-301F-11D3-BF4B-00C04F79EFBC}") = "Unity.RenderPipelines.Universal.Shaders", "Unity.RenderPipelines.Universal.Shaders.csproj", "{4588EB92-B0CC-E3AC-1D65-A8A914F478AB}"
EndProject
Project("{FAE04EC0-301F-11D3-BF4B-00C04F79EFBC}") = "Unity.RenderPipelines.ShaderGraph.ShaderGraphLibrary", "Unity.RenderPipelines.ShaderGraph.ShaderGraphLibrary.csproj", "{92AD6C0E-F298-382F-B577-58CE02354803}"
EndProject
Project("{FAE04EC0-301F-11D3-BF4B-00C04F79EFBC}") = "Unity.PlasticSCM.Editor", "Unity.PlasticSCM.Editor.csproj", "{DFADA84A-ADF5-0C00-C483-554BD41B13B0}"
EndProject
Project("{FAE04EC0-301F-11D3-BF4B-00C04F79EFBC}") = "Unity.VisualScripting.Core.Editor", "Unity.VisualScripting.Core.Editor.csproj", "{EE980F46-A6E6-8535-DBCE-B6C4D67FF440}"
EndProject
Project("{FAE04EC0-301F-11D3-BF4B-00C04F79EFBC}") = "Unity.VisualScripting.Flow.Editor", "Unity.VisualScripting.Flow.Editor.csproj", "{C7492BF5-8F96-2D72-BE58-F74542497604}"
EndProject
Project("{FAE04EC0-301F-11D3-BF4B-00C04F79EFBC}") = "Unity.ShaderGraph.Editor", "Unity.ShaderGraph.Editor.csproj", "{EAF20951-7210-13D4-9612-4A86655E3ED3}"
EndProject
Project("{FAE04EC0-301F-11D3-BF4B-00C04F79EFBC}") = "Unity.VisualStudio.Editor", "Unity.VisualStudio.Editor.csproj", "{160A2C51-F41F-599F-BEFD-A6932F1D3579}"
EndProject
Project("{FAE04EC0-301F-11D3-BF4B-00C04F79EFBC}") = "Unity.Timeline.Editor", "Unity.Timeline.Editor.csproj", "{43FB05AC-D9FD-FF7A-A845-B88ACC648B3D}"
EndProject
Project("{FAE04EC0-301F-11D3-BF4B-00C04F79EFBC}") = "Unity.RenderPipelines.Universal.Editor", "Unity.RenderPipelines.Universal.Editor.csproj", "{439EABED-16BE-C558-E765-F944F6402EF8}"
EndProject
Project("{FAE04EC0-301F-11D3-BF4B-00C04F79EFBC}") = "Unity.VisualScripting.State.Editor", "Unity.VisualScripting.State.Editor.csproj", "{1D7D2B09-B8C7-5F46-8ACA-E0E66A2478B7}"
EndProject
Project("{FAE04EC0-301F-11D3-BF4B-00C04F79EFBC}") = "Unity.TextMeshPro.Editor", "Unity.TextMeshPro.Editor.csproj", "{8FFEF8BC-2A92-4477-0902-0040FCB95A93}"
EndProject
Project("{FAE04EC0-301F-11D3-BF4B-00C04F79EFBC}") = "Unity.RenderPipelines.Core.Editor", "Unity.RenderPipelines.Core.Editor.csproj", "{EF1C65BA-DB5F-29AD-639A-322945E7AA4A}"
EndProject
Project("{FAE04EC0-301F-11D3-BF4B-00C04F79EFBC}") = "Unity.VisualScripting.SettingsProvider.Editor", "Unity.VisualScripting.SettingsProvider.Editor.csproj", "{26966CFF-E54B-0012-BA20-B562D3A773C6}"
EndProject
Project("{FAE04EC0-301F-11D3-BF4B-00C04F79EFBC}") = "UnityEditor.TestRunner", "UnityEditor.TestRunner.csproj", "{64A9C1D5-8D57-DB1B-43F9-C428AA871D41}"
EndProject
Project("{FAE04EC0-301F-11D3-BF4B-00C04F79EFBC}") = "Unity.Rider.Editor", "Unity.Rider.Editor.csproj", "{99D87F9F-31DD-156F-8335-348AEF40BC25}"
EndProject
Project("{FAE04EC0-301F-11D3-BF4B-00C04F79EFBC}") = "Unity.XR.ARKit.Editor", "Unity.XR.ARKit.Editor.csproj", "{DB287A67-3CF0-36FC-1228-D2E55240F734}"
EndProject
Project("{FAE04EC0-301F-11D3-BF4B-00C04F79EFBC}") = "Unity.XR.ARKit.FaceTracking.Editor", "Unity.XR.ARKit.FaceTracking.Editor.csproj", "{CD8EA6BF-F76C-140E-9752-9752C91CA262}"
EndProject
Project("{FAE04EC0-301F-11D3-BF4B-00C04F79EFBC}") = "Unity.Searcher.Editor", "Unity.Searcher.Editor.csproj", "{FC680325-97EB-50D9-713C-D28ACCF99EB4}"
EndProject
Project("{FAE04EC0-301F-11D3-BF4B-00C04F79EFBC}") = "Unity.Burst.CodeGen", "Unity.Burst.CodeGen.csproj", "{53C98184-8D05-2E55-0BB2-1F6931720562}"
EndProject
Project("{FAE04EC0-301F-11D3-BF4B-00C04F79EFBC}") = "Unity.XR.Management.Editor", "Unity.XR.Management.Editor.csproj", "{F91458F4-6A58-3177-A632-903D65C7F456}"
EndProject
Project("{FAE04EC0-301F-11D3-BF4B-00C04F79EFBC}") = "Unity.VSCode.Editor", "Unity.VSCode.Editor.csproj", "{E8262EE2-6292-5220-D8BA-098DF051A956}"
EndProject
Project("{FAE04EC0-301F-11D3-BF4B-00C04F79EFBC}") = "UnityEditor.UI", "UnityEditor.UI.csproj", "{B7A7ED82-4AF1-468B-0149-C6DDB8006DBC}"
EndProject
Project("{FAE04EC0-301F-11D3-BF4B-00C04F79EFBC}") = "Unity.EditorCoroutines.Editor", "Unity.EditorCoroutines.Editor.csproj", "{F28B25F6-6BE6-5F57-5A17-EBDE37752D0B}"
EndProject
Project("{FAE04EC0-301F-11D3-BF4B-00C04F79EFBC}") = "UnityEditor.SpatialTracking", "UnityEditor.SpatialTracking.csproj", "{49C58340-DE50-24FB-5576-5A9280AD8489}"
EndProject
Project("{FAE04EC0-301F-11D3-BF4B-00C04F79EFBC}") = "Unity.XR.ARCore.Editor", "Unity.XR.ARCore.Editor.csproj", "{6BE1E7C0-07E7-6F11-A7F1-B0AF0BC98AB3}"
EndProject
Project("{FAE04EC0-301F-11D3-BF4B-00C04F79EFBC}") = "PPv2URPConverters", "PPv2URPConverters.csproj", "{BBF41E25-07C1-2DEE-2468-E3C53172BD0A}"
EndProject
Project("{FAE04EC0-301F-11D3-BF4B-00C04F79EFBC}") = "Unity.CollabProxy.Editor", "Unity.CollabProxy.Editor.csproj", "{E9FC30C2-8E6A-3971-141C-58569587E935}"
EndProject
Project("{FAE04EC0-301F-11D3-BF4B-00C04F79EFBC}") = "Unity.XR.ARFoundation.Editor", "Unity.XR.ARFoundation.Editor.csproj", "{E3669F95-DB3F-BE61-BFF3-D1F78655DC3E}"
EndProject
Project("{FAE04EC0-301F-11D3-BF4B-00C04F79EFBC}") = "Unity.Mathematics.Editor", "Unity.Mathematics.Editor.csproj", "{1EAB3CD5-2FC8-05E4-C5B2-A2B1FF423235}"
EndProject
Project("{FAE04EC0-301F-11D3-BF4B-00C04F79EFBC}") = "Unity.Burst.Editor", "Unity.Burst.Editor.csproj", "{6150BBD5-B114-15C9-BE80-9405DB259859}"
EndProject
Project("{FAE04EC0-301F-11D3-BF4B-00C04F79EFBC}") = "UnityEditor.XR.LegacyInputHelpers", "UnityEditor.XR.LegacyInputHelpers.csproj", "{F131BC9C-CA62-4638-A9A4-7C637D58C089}"
EndProject
Project("{FAE04EC0-301F-11D3-BF4B-00C04F79EFBC}") = "Unity.XR.ARSubsystems.Editor", "Unity.XR.ARSubsystems.Editor.csproj", "{D3B96E70-C5B8-EC35-6262-E0E288607077}"
EndProject
Project("{FAE04EC0-301F-11D3-BF4B-00C04F79EFBC}") = "Unity.ShaderGraph.Utilities", "Unity.ShaderGraph.Utilities.csproj", "{F698C4C4-B00D-F37E-B448-A9CFDC670DF9}"
EndProject
Project("{FAE04EC0-301F-11D3-BF4B-00C04F79EFBC}") = "Unity.VisualScripting.Shared.Editor", "Unity.VisualScripting.Shared.Editor.csproj", "{C7912C5E-C010-0820-9CDD-C41BAACAD5CC}"
EndProject
Project("{FAE04EC0-301F-11D3-BF4B-00C04F79EFBC}") = "Unity.InternalAPIEditorBridge.005", "Unity.InternalAPIEditorBridge.005.csproj", "{5197D08B-9A8C-F6FD-3B4E-DE17801640DE}"
EndProject
Project("{FAE04EC0-301F-11D3-BF4B-00C04F79EFBC}") = "Unity.RenderPipelines.Core.Runtime", "Unity.RenderPipelines.Core.Runtime.Player.csproj", "{C404C94F-7B55-0E32-3999-1A24F2A2EB9B}"
EndProject
Project("{FAE04EC0-301F-11D3-BF4B-00C04F79EFBC}") = "UnityEngine.TestRunner", "UnityEngine.TestRunner.Player.csproj", "{2B40B6B9-2A71-8027-5C4D-0F11B9BE8077}"
EndProject
Project("{FAE04EC0-301F-11D3-BF4B-00C04F79EFBC}") = "UnityEngine.UI", "UnityEngine.UI.Player.csproj", "{3051F22B-D266-3D58-C7DE-A61F0C9C9BAE}"
EndProject
Project("{FAE04EC0-301F-11D3-BF4B-00C04F79EFBC}") = "Unity.VisualScripting.Flow", "Unity.VisualScripting.Flow.Player.csproj", "{6EA451D4-DAA7-357F-4A1E-48CC3B09FDA4}"
EndProject
Project("{FAE04EC0-301F-11D3-BF4B-00C04F79EFBC}") = "Unity.Mathematics", "Unity.Mathematics.Player.csproj", "{5CDF2349-6FEE-6F1F-CD56-166D5A17C8F0}"
EndProject
Project("{FAE04EC0-301F-11D3-BF4B-00C04F79EFBC}") = "Unity.XR.ARFoundation", "Unity.XR.ARFoundation.Player.csproj", "{E2BF5C75-E65A-00AC-B766-F664FE2B42B5}"
EndProject
Project("{FAE04EC0-301F-11D3-BF4B-00C04F79EFBC}") = "Unity.XR.ARSubsystems", "Unity.XR.ARSubsystems.Player.csproj", "{635A385E-74DD-6C8E-2E16-2DD9B8A639F5}"
EndProject
Project("{FAE04EC0-301F-11D3-BF4B-00C04F79EFBC}") = "Unity.VisualScripting.State", "Unity.VisualScripting.State.Player.csproj", "{1E497E7F-8C77-83AB-4853-E13BD20CEAFA}"
EndProject
Project("{FAE04EC0-301F-11D3-BF4B-00C04F79EFBC}") = "Unity.VisualScripting.Core", "Unity.VisualScripting.Core.Player.csproj", "{1D8C1A2A-604F-10AF-444E-D20A18B4BE1C}"
EndProject
Project("{FAE04EC0-301F-11D3-BF4B-00C04F79EFBC}") = "Unity.RenderPipelines.Universal.Runtime", "Unity.RenderPipelines.Universal.Runtime.Player.csproj", "{EE594F4E-87FE-29A1-F2D9-1C32BD23A045}"
EndProject
Project("{FAE04EC0-301F-11D3-BF4B-00C04F79EFBC}") = "UnityEngine.XR.LegacyInputHelpers", "UnityEngine.XR.LegacyInputHelpers.Player.csproj", "{5D30A248-F881-08C3-0371-FAA46C219E51}"
EndProject
Project("{FAE04EC0-301F-11D3-BF4B-00C04F79EFBC}") = "Unity.Burst", "Unity.Burst.Player.csproj", "{9655E80A-7729-48E4-2515-7C3D2C0B2ACC}"
EndProject
Project("{FAE04EC0-301F-11D3-BF4B-00C04F79EFBC}") = "Unity.TextMeshPro", "Unity.TextMeshPro.Player.csproj", "{893B39C0-B2B3-1CCE-2C4C-946EE579BF6D}"
EndProject
Project("{FAE04EC0-301F-11D3-BF4B-00C04F79EFBC}") = "Unity.Timeline", "Unity.Timeline.Player.csproj", "{740D88A0-7F99-0EC4-B57D-BFB5CF765743}"
EndProject
Project("{FAE04EC0-301F-11D3-BF4B-00C04F79EFBC}") = "Unity.RenderPipeline.Universal.ShaderLibrary", "Unity.RenderPipeline.Universal.ShaderLibrary.Player.csproj", "{19911110-A7DF-5515-51D7-3420E114372D}"
EndProject
Project("{FAE04EC0-301F-11D3-BF4B-00C04F79EFBC}") = "Unity.XR.Management", "Unity.XR.Management.Player.csproj", "{B53385F9-2FA3-8A55-596B-5CF4B5FC39A0}"
EndProject
Project("{FAE04EC0-301F-11D3-BF4B-00C04F79EFBC}") = "Unity.RenderPipelines.Core.ShaderLibrary", "Unity.RenderPipelines.Core.ShaderLibrary.Player.csproj", "{1B480748-2020-9382-5BAC-3CAB19A24DE4}"
EndProject
Project("{FAE04EC0-301F-11D3-BF4B-00C04F79EFBC}") = "UnityEngine.SpatialTracking", "UnityEngine.SpatialTracking.Player.csproj", "{809E74B3-7EAD-77D3-7219-BB81347227C9}"
EndProject
Project("{FAE04EC0-301F-11D3-BF4B-00C04F79EFBC}") = "Assembly-CSharp", "Assembly-CSharp.Player.csproj", "{3C2AE7BF-B083-4B54-CF83-62F449D79E68}"
EndProject
Project("{FAE04EC0-301F-11D3-BF4B-00C04F79EFBC}") = "Unity.Subsystem.Registration", "Unity.Subsystem.Registration.Player.csproj", "{90138C64-F42A-2E79-D38E-12DEE63E34E4}"
EndProject
Project("{FAE04EC0-301F-11D3-BF4B-00C04F79EFBC}") = "Unity.RenderPipelines.Universal.Shaders", "Unity.RenderPipelines.Universal.Shaders.Player.csproj", "{1A687861-11BF-216E-4AC7-5B66E19541DE}"
EndProject
Project("{FAE04EC0-301F-11D3-BF4B-00C04F79EFBC}") = "Unity.RenderPipelines.ShaderGraph.ShaderGraphLibrary", "Unity.RenderPipelines.ShaderGraph.ShaderGraphLibrary.Player.csproj", "{F7608DCD-7DBE-2FC4-987F-AD797D8B561A}"
EndProject
Global
	GlobalSection(SolutionConfigurationPlatforms) = preSolution
		Debug|Any CPU = Debug|Any CPU
		Release|Any CPU = Release|Any CPU
	EndGlobalSection
	GlobalSection(ProjectConfigurationPlatforms) = postSolution
		{8352649E-2CB7-8146-DEEB-C88A1C50A3C4}.Debug|Any CPU.ActiveCfg = Debug|Any CPU
		{8352649E-2CB7-8146-DEEB-C88A1C50A3C4}.Debug|Any CPU.Build.0 = Debug|Any CPU
		{8352649E-2CB7-8146-DEEB-C88A1C50A3C4}.Release|Any CPU.ActiveCfg = Release|Any CPU
		{8352649E-2CB7-8146-DEEB-C88A1C50A3C4}.Release|Any CPU.Build.0 = Release|Any CPU
		{EB79C948-C957-77D4-2A13-C62A0731551D}.Debug|Any CPU.ActiveCfg = Debug|Any CPU
		{EB79C948-C957-77D4-2A13-C62A0731551D}.Debug|Any CPU.Build.0 = Debug|Any CPU
		{EB79C948-C957-77D4-2A13-C62A0731551D}.Release|Any CPU.ActiveCfg = Release|Any CPU
		{EB79C948-C957-77D4-2A13-C62A0731551D}.Release|Any CPU.Build.0 = Release|Any CPU
		{8793F77A-4997-23A9-2630-0A5DD76D5C14}.Debug|Any CPU.ActiveCfg = Debug|Any CPU
		{8793F77A-4997-23A9-2630-0A5DD76D5C14}.Debug|Any CPU.Build.0 = Debug|Any CPU
		{8793F77A-4997-23A9-2630-0A5DD76D5C14}.Release|Any CPU.ActiveCfg = Release|Any CPU
		{8793F77A-4997-23A9-2630-0A5DD76D5C14}.Release|Any CPU.Build.0 = Release|Any CPU
		{E261F88E-4868-1B40-373E-DB5EC2E5A6CC}.Debug|Any CPU.ActiveCfg = Debug|Any CPU
		{E261F88E-4868-1B40-373E-DB5EC2E5A6CC}.Debug|Any CPU.Build.0 = Debug|Any CPU
		{E261F88E-4868-1B40-373E-DB5EC2E5A6CC}.Release|Any CPU.ActiveCfg = Release|Any CPU
		{E261F88E-4868-1B40-373E-DB5EC2E5A6CC}.Release|Any CPU.Build.0 = Release|Any CPU
		{FCFEDC95-E82C-F27C-0CFA-6E6137275908}.Debug|Any CPU.ActiveCfg = Debug|Any CPU
		{FCFEDC95-E82C-F27C-0CFA-6E6137275908}.Debug|Any CPU.Build.0 = Debug|Any CPU
		{FCFEDC95-E82C-F27C-0CFA-6E6137275908}.Release|Any CPU.ActiveCfg = Release|Any CPU
		{FCFEDC95-E82C-F27C-0CFA-6E6137275908}.Release|Any CPU.Build.0 = Release|Any CPU
		{B9F8F14A-417F-097F-392D-1C156AD1DEB6}.Debug|Any CPU.ActiveCfg = Debug|Any CPU
		{B9F8F14A-417F-097F-392D-1C156AD1DEB6}.Debug|Any CPU.Build.0 = Debug|Any CPU
		{B9F8F14A-417F-097F-392D-1C156AD1DEB6}.Release|Any CPU.ActiveCfg = Release|Any CPU
		{B9F8F14A-417F-097F-392D-1C156AD1DEB6}.Release|Any CPU.Build.0 = Release|Any CPU
		{E39D3DED-7EC7-4FD0-A730-6FF97AB16CB6}.Debug|Any CPU.ActiveCfg = Debug|Any CPU
		{E39D3DED-7EC7-4FD0-A730-6FF97AB16CB6}.Debug|Any CPU.Build.0 = Debug|Any CPU
		{E39D3DED-7EC7-4FD0-A730-6FF97AB16CB6}.Release|Any CPU.ActiveCfg = Release|Any CPU
		{E39D3DED-7EC7-4FD0-A730-6FF97AB16CB6}.Release|Any CPU.Build.0 = Release|Any CPU
		{109793A5-D851-ADCE-7DA6-709B559E7DF9}.Debug|Any CPU.ActiveCfg = Debug|Any CPU
		{109793A5-D851-ADCE-7DA6-709B559E7DF9}.Debug|Any CPU.Build.0 = Debug|Any CPU
		{109793A5-D851-ADCE-7DA6-709B559E7DF9}.Release|Any CPU.ActiveCfg = Release|Any CPU
		{109793A5-D851-ADCE-7DA6-709B559E7DF9}.Release|Any CPU.Build.0 = Release|Any CPU
		{97D121A6-6512-B06C-CC2C-342340526833}.Debug|Any CPU.ActiveCfg = Debug|Any CPU
		{97D121A6-6512-B06C-CC2C-342340526833}.Debug|Any CPU.Build.0 = Debug|Any CPU
		{97D121A6-6512-B06C-CC2C-342340526833}.Release|Any CPU.ActiveCfg = Release|Any CPU
		{97D121A6-6512-B06C-CC2C-342340526833}.Release|Any CPU.Build.0 = Release|Any CPU
		{704592DD-7CA5-5F7A-458B-F53005F08A09}.Debug|Any CPU.ActiveCfg = Debug|Any CPU
		{704592DD-7CA5-5F7A-458B-F53005F08A09}.Debug|Any CPU.Build.0 = Debug|Any CPU
		{704592DD-7CA5-5F7A-458B-F53005F08A09}.Release|Any CPU.ActiveCfg = Release|Any CPU
		{704592DD-7CA5-5F7A-458B-F53005F08A09}.Release|Any CPU.Build.0 = Release|Any CPU
		{9ABD847C-9DE2-E022-CB3C-A7DD77E81374}.Debug|Any CPU.ActiveCfg = Debug|Any CPU
		{9ABD847C-9DE2-E022-CB3C-A7DD77E81374}.Debug|Any CPU.Build.0 = Debug|Any CPU
		{9ABD847C-9DE2-E022-CB3C-A7DD77E81374}.Release|Any CPU.ActiveCfg = Release|Any CPU
		{9ABD847C-9DE2-E022-CB3C-A7DD77E81374}.Release|Any CPU.Build.0 = Release|Any CPU
		{1CBD58A8-D741-2873-BEF3-FA97F633D196}.Debug|Any CPU.ActiveCfg = Debug|Any CPU
		{1CBD58A8-D741-2873-BEF3-FA97F633D196}.Debug|Any CPU.Build.0 = Debug|Any CPU
		{1CBD58A8-D741-2873-BEF3-FA97F633D196}.Release|Any CPU.ActiveCfg = Release|Any CPU
		{1CBD58A8-D741-2873-BEF3-FA97F633D196}.Release|Any CPU.Build.0 = Release|Any CPU
		{1D5D249A-9BB3-1644-2764-11083791412B}.Debug|Any CPU.ActiveCfg = Debug|Any CPU
		{1D5D249A-9BB3-1644-2764-11083791412B}.Debug|Any CPU.Build.0 = Debug|Any CPU
		{1D5D249A-9BB3-1644-2764-11083791412B}.Release|Any CPU.ActiveCfg = Release|Any CPU
		{1D5D249A-9BB3-1644-2764-11083791412B}.Release|Any CPU.Build.0 = Release|Any CPU
		{5AAAFF4D-D930-755C-7446-843C5A783E78}.Debug|Any CPU.ActiveCfg = Debug|Any CPU
		{5AAAFF4D-D930-755C-7446-843C5A783E78}.Debug|Any CPU.Build.0 = Debug|Any CPU
		{5AAAFF4D-D930-755C-7446-843C5A783E78}.Release|Any CPU.ActiveCfg = Release|Any CPU
		{5AAAFF4D-D930-755C-7446-843C5A783E78}.Release|Any CPU.Build.0 = Release|Any CPU
		{5D987EA7-BC08-7AFA-DCD8-DBC111B3C0A7}.Debug|Any CPU.ActiveCfg = Debug|Any CPU
		{5D987EA7-BC08-7AFA-DCD8-DBC111B3C0A7}.Debug|Any CPU.Build.0 = Debug|Any CPU
		{5D987EA7-BC08-7AFA-DCD8-DBC111B3C0A7}.Release|Any CPU.ActiveCfg = Release|Any CPU
		{5D987EA7-BC08-7AFA-DCD8-DBC111B3C0A7}.Release|Any CPU.Build.0 = Release|Any CPU
		{96470F3B-EB9D-1287-9BC9-8E011CD31401}.Debug|Any CPU.ActiveCfg = Debug|Any CPU
		{96470F3B-EB9D-1287-9BC9-8E011CD31401}.Debug|Any CPU.Build.0 = Debug|Any CPU
		{96470F3B-EB9D-1287-9BC9-8E011CD31401}.Release|Any CPU.ActiveCfg = Release|Any CPU
		{96470F3B-EB9D-1287-9BC9-8E011CD31401}.Release|Any CPU.Build.0 = Release|Any CPU
		{E79CCE34-3273-4FA0-835F-937C5F723EA9}.Debug|Any CPU.ActiveCfg = Debug|Any CPU
		{E79CCE34-3273-4FA0-835F-937C5F723EA9}.Debug|Any CPU.Build.0 = Debug|Any CPU
		{E79CCE34-3273-4FA0-835F-937C5F723EA9}.Release|Any CPU.ActiveCfg = Release|Any CPU
		{E79CCE34-3273-4FA0-835F-937C5F723EA9}.Release|Any CPU.Build.0 = Release|Any CPU
		{55FF77BE-CC36-F013-3D77-11C60BA8BA42}.Debug|Any CPU.ActiveCfg = Debug|Any CPU
		{55FF77BE-CC36-F013-3D77-11C60BA8BA42}.Debug|Any CPU.Build.0 = Debug|Any CPU
		{55FF77BE-CC36-F013-3D77-11C60BA8BA42}.Release|Any CPU.ActiveCfg = Release|Any CPU
		{55FF77BE-CC36-F013-3D77-11C60BA8BA42}.Release|Any CPU.Build.0 = Release|Any CPU
		{787F5175-7AE2-9704-D6D9-2277AECE95CA}.Debug|Any CPU.ActiveCfg = Debug|Any CPU
		{787F5175-7AE2-9704-D6D9-2277AECE95CA}.Debug|Any CPU.Build.0 = Debug|Any CPU
		{787F5175-7AE2-9704-D6D9-2277AECE95CA}.Release|Any CPU.ActiveCfg = Release|Any CPU
		{787F5175-7AE2-9704-D6D9-2277AECE95CA}.Release|Any CPU.Build.0 = Release|Any CPU
		{76C8FE30-B2DA-2DBC-0734-B47D3CAAD6FB}.Debug|Any CPU.ActiveCfg = Debug|Any CPU
		{76C8FE30-B2DA-2DBC-0734-B47D3CAAD6FB}.Debug|Any CPU.Build.0 = Debug|Any CPU
		{76C8FE30-B2DA-2DBC-0734-B47D3CAAD6FB}.Release|Any CPU.ActiveCfg = Release|Any CPU
		{76C8FE30-B2DA-2DBC-0734-B47D3CAAD6FB}.Release|Any CPU.Build.0 = Release|Any CPU
		{967898F3-A231-4C0F-F7DD-5E2428236050}.Debug|Any CPU.ActiveCfg = Debug|Any CPU
		{967898F3-A231-4C0F-F7DD-5E2428236050}.Debug|Any CPU.Build.0 = Debug|Any CPU
		{967898F3-A231-4C0F-F7DD-5E2428236050}.Release|Any CPU.ActiveCfg = Release|Any CPU
		{967898F3-A231-4C0F-F7DD-5E2428236050}.Release|Any CPU.Build.0 = Release|Any CPU
		{B6625724-F5D8-9375-F622-A6126175DD38}.Debug|Any CPU.ActiveCfg = Debug|Any CPU
		{B6625724-F5D8-9375-F622-A6126175DD38}.Debug|Any CPU.Build.0 = Debug|Any CPU
		{B6625724-F5D8-9375-F622-A6126175DD38}.Release|Any CPU.ActiveCfg = Release|Any CPU
		{B6625724-F5D8-9375-F622-A6126175DD38}.Release|Any CPU.Build.0 = Release|Any CPU
		{66FCB64B-6AE4-98F1-1B0E-07616A75BF24}.Debug|Any CPU.ActiveCfg = Debug|Any CPU
		{66FCB64B-6AE4-98F1-1B0E-07616A75BF24}.Debug|Any CPU.Build.0 = Debug|Any CPU
		{66FCB64B-6AE4-98F1-1B0E-07616A75BF24}.Release|Any CPU.ActiveCfg = Release|Any CPU
		{66FCB64B-6AE4-98F1-1B0E-07616A75BF24}.Release|Any CPU.Build.0 = Release|Any CPU
		{4588EB92-B0CC-E3AC-1D65-A8A914F478AB}.Debug|Any CPU.ActiveCfg = Debug|Any CPU
		{4588EB92-B0CC-E3AC-1D65-A8A914F478AB}.Debug|Any CPU.Build.0 = Debug|Any CPU
		{4588EB92-B0CC-E3AC-1D65-A8A914F478AB}.Release|Any CPU.ActiveCfg = Release|Any CPU
		{4588EB92-B0CC-E3AC-1D65-A8A914F478AB}.Release|Any CPU.Build.0 = Release|Any CPU
		{92AD6C0E-F298-382F-B577-58CE02354803}.Debug|Any CPU.ActiveCfg = Debug|Any CPU
		{92AD6C0E-F298-382F-B577-58CE02354803}.Debug|Any CPU.Build.0 = Debug|Any CPU
		{92AD6C0E-F298-382F-B577-58CE02354803}.Release|Any CPU.ActiveCfg = Release|Any CPU
		{92AD6C0E-F298-382F-B577-58CE02354803}.Release|Any CPU.Build.0 = Release|Any CPU
		{DFADA84A-ADF5-0C00-C483-554BD41B13B0}.Debug|Any CPU.ActiveCfg = Debug|Any CPU
		{DFADA84A-ADF5-0C00-C483-554BD41B13B0}.Debug|Any CPU.Build.0 = Debug|Any CPU
		{DFADA84A-ADF5-0C00-C483-554BD41B13B0}.Release|Any CPU.ActiveCfg = Release|Any CPU
		{DFADA84A-ADF5-0C00-C483-554BD41B13B0}.Release|Any CPU.Build.0 = Release|Any CPU
		{EE980F46-A6E6-8535-DBCE-B6C4D67FF440}.Debug|Any CPU.ActiveCfg = Debug|Any CPU
		{EE980F46-A6E6-8535-DBCE-B6C4D67FF440}.Debug|Any CPU.Build.0 = Debug|Any CPU
		{EE980F46-A6E6-8535-DBCE-B6C4D67FF440}.Release|Any CPU.ActiveCfg = Release|Any CPU
		{EE980F46-A6E6-8535-DBCE-B6C4D67FF440}.Release|Any CPU.Build.0 = Release|Any CPU
		{C7492BF5-8F96-2D72-BE58-F74542497604}.Debug|Any CPU.ActiveCfg = Debug|Any CPU
		{C7492BF5-8F96-2D72-BE58-F74542497604}.Debug|Any CPU.Build.0 = Debug|Any CPU
		{C7492BF5-8F96-2D72-BE58-F74542497604}.Release|Any CPU.ActiveCfg = Release|Any CPU
		{C7492BF5-8F96-2D72-BE58-F74542497604}.Release|Any CPU.Build.0 = Release|Any CPU
		{EAF20951-7210-13D4-9612-4A86655E3ED3}.Debug|Any CPU.ActiveCfg = Debug|Any CPU
		{EAF20951-7210-13D4-9612-4A86655E3ED3}.Debug|Any CPU.Build.0 = Debug|Any CPU
		{EAF20951-7210-13D4-9612-4A86655E3ED3}.Release|Any CPU.ActiveCfg = Release|Any CPU
		{EAF20951-7210-13D4-9612-4A86655E3ED3}.Release|Any CPU.Build.0 = Release|Any CPU
		{160A2C51-F41F-599F-BEFD-A6932F1D3579}.Debug|Any CPU.ActiveCfg = Debug|Any CPU
		{160A2C51-F41F-599F-BEFD-A6932F1D3579}.Debug|Any CPU.Build.0 = Debug|Any CPU
		{160A2C51-F41F-599F-BEFD-A6932F1D3579}.Release|Any CPU.ActiveCfg = Release|Any CPU
		{160A2C51-F41F-599F-BEFD-A6932F1D3579}.Release|Any CPU.Build.0 = Release|Any CPU
		{43FB05AC-D9FD-FF7A-A845-B88ACC648B3D}.Debug|Any CPU.ActiveCfg = Debug|Any CPU
		{43FB05AC-D9FD-FF7A-A845-B88ACC648B3D}.Debug|Any CPU.Build.0 = Debug|Any CPU
		{43FB05AC-D9FD-FF7A-A845-B88ACC648B3D}.Release|Any CPU.ActiveCfg = Release|Any CPU
		{43FB05AC-D9FD-FF7A-A845-B88ACC648B3D}.Release|Any CPU.Build.0 = Release|Any CPU
		{439EABED-16BE-C558-E765-F944F6402EF8}.Debug|Any CPU.ActiveCfg = Debug|Any CPU
		{439EABED-16BE-C558-E765-F944F6402EF8}.Debug|Any CPU.Build.0 = Debug|Any CPU
		{439EABED-16BE-C558-E765-F944F6402EF8}.Release|Any CPU.ActiveCfg = Release|Any CPU
		{439EABED-16BE-C558-E765-F944F6402EF8}.Release|Any CPU.Build.0 = Release|Any CPU
		{1D7D2B09-B8C7-5F46-8ACA-E0E66A2478B7}.Debug|Any CPU.ActiveCfg = Debug|Any CPU
		{1D7D2B09-B8C7-5F46-8ACA-E0E66A2478B7}.Debug|Any CPU.Build.0 = Debug|Any CPU
		{1D7D2B09-B8C7-5F46-8ACA-E0E66A2478B7}.Release|Any CPU.ActiveCfg = Release|Any CPU
		{1D7D2B09-B8C7-5F46-8ACA-E0E66A2478B7}.Release|Any CPU.Build.0 = Release|Any CPU
		{8FFEF8BC-2A92-4477-0902-0040FCB95A93}.Debug|Any CPU.ActiveCfg = Debug|Any CPU
		{8FFEF8BC-2A92-4477-0902-0040FCB95A93}.Debug|Any CPU.Build.0 = Debug|Any CPU
		{8FFEF8BC-2A92-4477-0902-0040FCB95A93}.Release|Any CPU.ActiveCfg = Release|Any CPU
		{8FFEF8BC-2A92-4477-0902-0040FCB95A93}.Release|Any CPU.Build.0 = Release|Any CPU
		{EF1C65BA-DB5F-29AD-639A-322945E7AA4A}.Debug|Any CPU.ActiveCfg = Debug|Any CPU
		{EF1C65BA-DB5F-29AD-639A-322945E7AA4A}.Debug|Any CPU.Build.0 = Debug|Any CPU
		{EF1C65BA-DB5F-29AD-639A-322945E7AA4A}.Release|Any CPU.ActiveCfg = Release|Any CPU
		{EF1C65BA-DB5F-29AD-639A-322945E7AA4A}.Release|Any CPU.Build.0 = Release|Any CPU
		{26966CFF-E54B-0012-BA20-B562D3A773C6}.Debug|Any CPU.ActiveCfg = Debug|Any CPU
		{26966CFF-E54B-0012-BA20-B562D3A773C6}.Debug|Any CPU.Build.0 = Debug|Any CPU
		{26966CFF-E54B-0012-BA20-B562D3A773C6}.Release|Any CPU.ActiveCfg = Release|Any CPU
		{26966CFF-E54B-0012-BA20-B562D3A773C6}.Release|Any CPU.Build.0 = Release|Any CPU
		{64A9C1D5-8D57-DB1B-43F9-C428AA871D41}.Debug|Any CPU.ActiveCfg = Debug|Any CPU
		{64A9C1D5-8D57-DB1B-43F9-C428AA871D41}.Debug|Any CPU.Build.0 = Debug|Any CPU
		{64A9C1D5-8D57-DB1B-43F9-C428AA871D41}.Release|Any CPU.ActiveCfg = Release|Any CPU
		{64A9C1D5-8D57-DB1B-43F9-C428AA871D41}.Release|Any CPU.Build.0 = Release|Any CPU
		{99D87F9F-31DD-156F-8335-348AEF40BC25}.Debug|Any CPU.ActiveCfg = Debug|Any CPU
		{99D87F9F-31DD-156F-8335-348AEF40BC25}.Debug|Any CPU.Build.0 = Debug|Any CPU
		{99D87F9F-31DD-156F-8335-348AEF40BC25}.Release|Any CPU.ActiveCfg = Release|Any CPU
		{99D87F9F-31DD-156F-8335-348AEF40BC25}.Release|Any CPU.Build.0 = Release|Any CPU
		{DB287A67-3CF0-36FC-1228-D2E55240F734}.Debug|Any CPU.ActiveCfg = Debug|Any CPU
		{DB287A67-3CF0-36FC-1228-D2E55240F734}.Debug|Any CPU.Build.0 = Debug|Any CPU
		{DB287A67-3CF0-36FC-1228-D2E55240F734}.Release|Any CPU.ActiveCfg = Release|Any CPU
		{DB287A67-3CF0-36FC-1228-D2E55240F734}.Release|Any CPU.Build.0 = Release|Any CPU
		{CD8EA6BF-F76C-140E-9752-9752C91CA262}.Debug|Any CPU.ActiveCfg = Debug|Any CPU
		{CD8EA6BF-F76C-140E-9752-9752C91CA262}.Debug|Any CPU.Build.0 = Debug|Any CPU
		{CD8EA6BF-F76C-140E-9752-9752C91CA262}.Release|Any CPU.ActiveCfg = Release|Any CPU
		{CD8EA6BF-F76C-140E-9752-9752C91CA262}.Release|Any CPU.Build.0 = Release|Any CPU
		{FC680325-97EB-50D9-713C-D28ACCF99EB4}.Debug|Any CPU.ActiveCfg = Debug|Any CPU
		{FC680325-97EB-50D9-713C-D28ACCF99EB4}.Debug|Any CPU.Build.0 = Debug|Any CPU
		{FC680325-97EB-50D9-713C-D28ACCF99EB4}.Release|Any CPU.ActiveCfg = Release|Any CPU
		{FC680325-97EB-50D9-713C-D28ACCF99EB4}.Release|Any CPU.Build.0 = Release|Any CPU
		{53C98184-8D05-2E55-0BB2-1F6931720562}.Debug|Any CPU.ActiveCfg = Debug|Any CPU
		{53C98184-8D05-2E55-0BB2-1F6931720562}.Debug|Any CPU.Build.0 = Debug|Any CPU
		{53C98184-8D05-2E55-0BB2-1F6931720562}.Release|Any CPU.ActiveCfg = Release|Any CPU
		{53C98184-8D05-2E55-0BB2-1F6931720562}.Release|Any CPU.Build.0 = Release|Any CPU
		{F91458F4-6A58-3177-A632-903D65C7F456}.Debug|Any CPU.ActiveCfg = Debug|Any CPU
		{F91458F4-6A58-3177-A632-903D65C7F456}.Debug|Any CPU.Build.0 = Debug|Any CPU
		{F91458F4-6A58-3177-A632-903D65C7F456}.Release|Any CPU.ActiveCfg = Release|Any CPU
		{F91458F4-6A58-3177-A632-903D65C7F456}.Release|Any CPU.Build.0 = Release|Any CPU
		{E8262EE2-6292-5220-D8BA-098DF051A956}.Debug|Any CPU.ActiveCfg = Debug|Any CPU
		{E8262EE2-6292-5220-D8BA-098DF051A956}.Debug|Any CPU.Build.0 = Debug|Any CPU
		{E8262EE2-6292-5220-D8BA-098DF051A956}.Release|Any CPU.ActiveCfg = Release|Any CPU
		{E8262EE2-6292-5220-D8BA-098DF051A956}.Release|Any CPU.Build.0 = Release|Any CPU
		{B7A7ED82-4AF1-468B-0149-C6DDB8006DBC}.Debug|Any CPU.ActiveCfg = Debug|Any CPU
		{B7A7ED82-4AF1-468B-0149-C6DDB8006DBC}.Debug|Any CPU.Build.0 = Debug|Any CPU
		{B7A7ED82-4AF1-468B-0149-C6DDB8006DBC}.Release|Any CPU.ActiveCfg = Release|Any CPU
		{B7A7ED82-4AF1-468B-0149-C6DDB8006DBC}.Release|Any CPU.Build.0 = Release|Any CPU
		{F28B25F6-6BE6-5F57-5A17-EBDE37752D0B}.Debug|Any CPU.ActiveCfg = Debug|Any CPU
		{F28B25F6-6BE6-5F57-5A17-EBDE37752D0B}.Debug|Any CPU.Build.0 = Debug|Any CPU
		{F28B25F6-6BE6-5F57-5A17-EBDE37752D0B}.Release|Any CPU.ActiveCfg = Release|Any CPU
		{F28B25F6-6BE6-5F57-5A17-EBDE37752D0B}.Release|Any CPU.Build.0 = Release|Any CPU
		{49C58340-DE50-24FB-5576-5A9280AD8489}.Debug|Any CPU.ActiveCfg = Debug|Any CPU
		{49C58340-DE50-24FB-5576-5A9280AD8489}.Debug|Any CPU.Build.0 = Debug|Any CPU
		{49C58340-DE50-24FB-5576-5A9280AD8489}.Release|Any CPU.ActiveCfg = Release|Any CPU
		{49C58340-DE50-24FB-5576-5A9280AD8489}.Release|Any CPU.Build.0 = Release|Any CPU
		{6BE1E7C0-07E7-6F11-A7F1-B0AF0BC98AB3}.Debug|Any CPU.ActiveCfg = Debug|Any CPU
		{6BE1E7C0-07E7-6F11-A7F1-B0AF0BC98AB3}.Debug|Any CPU.Build.0 = Debug|Any CPU
		{6BE1E7C0-07E7-6F11-A7F1-B0AF0BC98AB3}.Release|Any CPU.ActiveCfg = Release|Any CPU
		{6BE1E7C0-07E7-6F11-A7F1-B0AF0BC98AB3}.Release|Any CPU.Build.0 = Release|Any CPU
		{BBF41E25-07C1-2DEE-2468-E3C53172BD0A}.Debug|Any CPU.ActiveCfg = Debug|Any CPU
		{BBF41E25-07C1-2DEE-2468-E3C53172BD0A}.Debug|Any CPU.Build.0 = Debug|Any CPU
		{BBF41E25-07C1-2DEE-2468-E3C53172BD0A}.Release|Any CPU.ActiveCfg = Release|Any CPU
		{BBF41E25-07C1-2DEE-2468-E3C53172BD0A}.Release|Any CPU.Build.0 = Release|Any CPU
		{E9FC30C2-8E6A-3971-141C-58569587E935}.Debug|Any CPU.ActiveCfg = Debug|Any CPU
		{E9FC30C2-8E6A-3971-141C-58569587E935}.Debug|Any CPU.Build.0 = Debug|Any CPU
		{E9FC30C2-8E6A-3971-141C-58569587E935}.Release|Any CPU.ActiveCfg = Release|Any CPU
		{E9FC30C2-8E6A-3971-141C-58569587E935}.Release|Any CPU.Build.0 = Release|Any CPU
		{E3669F95-DB3F-BE61-BFF3-D1F78655DC3E}.Debug|Any CPU.ActiveCfg = Debug|Any CPU
		{E3669F95-DB3F-BE61-BFF3-D1F78655DC3E}.Debug|Any CPU.Build.0 = Debug|Any CPU
		{E3669F95-DB3F-BE61-BFF3-D1F78655DC3E}.Release|Any CPU.ActiveCfg = Release|Any CPU
		{E3669F95-DB3F-BE61-BFF3-D1F78655DC3E}.Release|Any CPU.Build.0 = Release|Any CPU
		{1EAB3CD5-2FC8-05E4-C5B2-A2B1FF423235}.Debug|Any CPU.ActiveCfg = Debug|Any CPU
		{1EAB3CD5-2FC8-05E4-C5B2-A2B1FF423235}.Debug|Any CPU.Build.0 = Debug|Any CPU
		{1EAB3CD5-2FC8-05E4-C5B2-A2B1FF423235}.Release|Any CPU.ActiveCfg = Release|Any CPU
		{1EAB3CD5-2FC8-05E4-C5B2-A2B1FF423235}.Release|Any CPU.Build.0 = Release|Any CPU
		{6150BBD5-B114-15C9-BE80-9405DB259859}.Debug|Any CPU.ActiveCfg = Debug|Any CPU
		{6150BBD5-B114-15C9-BE80-9405DB259859}.Debug|Any CPU.Build.0 = Debug|Any CPU
		{6150BBD5-B114-15C9-BE80-9405DB259859}.Release|Any CPU.ActiveCfg = Release|Any CPU
		{6150BBD5-B114-15C9-BE80-9405DB259859}.Release|Any CPU.Build.0 = Release|Any CPU
		{F131BC9C-CA62-4638-A9A4-7C637D58C089}.Debug|Any CPU.ActiveCfg = Debug|Any CPU
		{F131BC9C-CA62-4638-A9A4-7C637D58C089}.Debug|Any CPU.Build.0 = Debug|Any CPU
		{F131BC9C-CA62-4638-A9A4-7C637D58C089}.Release|Any CPU.ActiveCfg = Release|Any CPU
		{F131BC9C-CA62-4638-A9A4-7C637D58C089}.Release|Any CPU.Build.0 = Release|Any CPU
		{D3B96E70-C5B8-EC35-6262-E0E288607077}.Debug|Any CPU.ActiveCfg = Debug|Any CPU
		{D3B96E70-C5B8-EC35-6262-E0E288607077}.Debug|Any CPU.Build.0 = Debug|Any CPU
		{D3B96E70-C5B8-EC35-6262-E0E288607077}.Release|Any CPU.ActiveCfg = Release|Any CPU
		{D3B96E70-C5B8-EC35-6262-E0E288607077}.Release|Any CPU.Build.0 = Release|Any CPU
		{F698C4C4-B00D-F37E-B448-A9CFDC670DF9}.Debug|Any CPU.ActiveCfg = Debug|Any CPU
		{F698C4C4-B00D-F37E-B448-A9CFDC670DF9}.Debug|Any CPU.Build.0 = Debug|Any CPU
		{F698C4C4-B00D-F37E-B448-A9CFDC670DF9}.Release|Any CPU.ActiveCfg = Release|Any CPU
		{F698C4C4-B00D-F37E-B448-A9CFDC670DF9}.Release|Any CPU.Build.0 = Release|Any CPU
		{C7912C5E-C010-0820-9CDD-C41BAACAD5CC}.Debug|Any CPU.ActiveCfg = Debug|Any CPU
		{C7912C5E-C010-0820-9CDD-C41BAACAD5CC}.Debug|Any CPU.Build.0 = Debug|Any CPU
		{C7912C5E-C010-0820-9CDD-C41BAACAD5CC}.Release|Any CPU.ActiveCfg = Release|Any CPU
		{C7912C5E-C010-0820-9CDD-C41BAACAD5CC}.Release|Any CPU.Build.0 = Release|Any CPU
		{5197D08B-9A8C-F6FD-3B4E-DE17801640DE}.Debug|Any CPU.ActiveCfg = Debug|Any CPU
		{5197D08B-9A8C-F6FD-3B4E-DE17801640DE}.Debug|Any CPU.Build.0 = Debug|Any CPU
		{5197D08B-9A8C-F6FD-3B4E-DE17801640DE}.Release|Any CPU.ActiveCfg = Release|Any CPU
		{5197D08B-9A8C-F6FD-3B4E-DE17801640DE}.Release|Any CPU.Build.0 = Release|Any CPU
		{C404C94F-7B55-0E32-3999-1A24F2A2EB9B}.Debug|Any CPU.ActiveCfg = Debug|Any CPU
		{C404C94F-7B55-0E32-3999-1A24F2A2EB9B}.Debug|Any CPU.Build.0 = Debug|Any CPU
		{C404C94F-7B55-0E32-3999-1A24F2A2EB9B}.Release|Any CPU.ActiveCfg = Release|Any CPU
		{C404C94F-7B55-0E32-3999-1A24F2A2EB9B}.Release|Any CPU.Build.0 = Release|Any CPU
		{2B40B6B9-2A71-8027-5C4D-0F11B9BE8077}.Debug|Any CPU.ActiveCfg = Debug|Any CPU
		{2B40B6B9-2A71-8027-5C4D-0F11B9BE8077}.Debug|Any CPU.Build.0 = Debug|Any CPU
		{2B40B6B9-2A71-8027-5C4D-0F11B9BE8077}.Release|Any CPU.ActiveCfg = Release|Any CPU
		{2B40B6B9-2A71-8027-5C4D-0F11B9BE8077}.Release|Any CPU.Build.0 = Release|Any CPU
		{3051F22B-D266-3D58-C7DE-A61F0C9C9BAE}.Debug|Any CPU.ActiveCfg = Debug|Any CPU
		{3051F22B-D266-3D58-C7DE-A61F0C9C9BAE}.Debug|Any CPU.Build.0 = Debug|Any CPU
		{3051F22B-D266-3D58-C7DE-A61F0C9C9BAE}.Release|Any CPU.ActiveCfg = Release|Any CPU
		{3051F22B-D266-3D58-C7DE-A61F0C9C9BAE}.Release|Any CPU.Build.0 = Release|Any CPU
		{6EA451D4-DAA7-357F-4A1E-48CC3B09FDA4}.Debug|Any CPU.ActiveCfg = Debug|Any CPU
		{6EA451D4-DAA7-357F-4A1E-48CC3B09FDA4}.Debug|Any CPU.Build.0 = Debug|Any CPU
		{6EA451D4-DAA7-357F-4A1E-48CC3B09FDA4}.Release|Any CPU.ActiveCfg = Release|Any CPU
		{6EA451D4-DAA7-357F-4A1E-48CC3B09FDA4}.Release|Any CPU.Build.0 = Release|Any CPU
		{5CDF2349-6FEE-6F1F-CD56-166D5A17C8F0}.Debug|Any CPU.ActiveCfg = Debug|Any CPU
		{5CDF2349-6FEE-6F1F-CD56-166D5A17C8F0}.Debug|Any CPU.Build.0 = Debug|Any CPU
		{5CDF2349-6FEE-6F1F-CD56-166D5A17C8F0}.Release|Any CPU.ActiveCfg = Release|Any CPU
		{5CDF2349-6FEE-6F1F-CD56-166D5A17C8F0}.Release|Any CPU.Build.0 = Release|Any CPU
		{E2BF5C75-E65A-00AC-B766-F664FE2B42B5}.Debug|Any CPU.ActiveCfg = Debug|Any CPU
		{E2BF5C75-E65A-00AC-B766-F664FE2B42B5}.Debug|Any CPU.Build.0 = Debug|Any CPU
		{E2BF5C75-E65A-00AC-B766-F664FE2B42B5}.Release|Any CPU.ActiveCfg = Release|Any CPU
		{E2BF5C75-E65A-00AC-B766-F664FE2B42B5}.Release|Any CPU.Build.0 = Release|Any CPU
		{635A385E-74DD-6C8E-2E16-2DD9B8A639F5}.Debug|Any CPU.ActiveCfg = Debug|Any CPU
		{635A385E-74DD-6C8E-2E16-2DD9B8A639F5}.Debug|Any CPU.Build.0 = Debug|Any CPU
		{635A385E-74DD-6C8E-2E16-2DD9B8A639F5}.Release|Any CPU.ActiveCfg = Release|Any CPU
		{635A385E-74DD-6C8E-2E16-2DD9B8A639F5}.Release|Any CPU.Build.0 = Release|Any CPU
		{1E497E7F-8C77-83AB-4853-E13BD20CEAFA}.Debug|Any CPU.ActiveCfg = Debug|Any CPU
		{1E497E7F-8C77-83AB-4853-E13BD20CEAFA}.Debug|Any CPU.Build.0 = Debug|Any CPU
		{1E497E7F-8C77-83AB-4853-E13BD20CEAFA}.Release|Any CPU.ActiveCfg = Release|Any CPU
		{1E497E7F-8C77-83AB-4853-E13BD20CEAFA}.Release|Any CPU.Build.0 = Release|Any CPU
		{1D8C1A2A-604F-10AF-444E-D20A18B4BE1C}.Debug|Any CPU.ActiveCfg = Debug|Any CPU
		{1D8C1A2A-604F-10AF-444E-D20A18B4BE1C}.Debug|Any CPU.Build.0 = Debug|Any CPU
		{1D8C1A2A-604F-10AF-444E-D20A18B4BE1C}.Release|Any CPU.ActiveCfg = Release|Any CPU
		{1D8C1A2A-604F-10AF-444E-D20A18B4BE1C}.Release|Any CPU.Build.0 = Release|Any CPU
		{EE594F4E-87FE-29A1-F2D9-1C32BD23A045}.Debug|Any CPU.ActiveCfg = Debug|Any CPU
		{EE594F4E-87FE-29A1-F2D9-1C32BD23A045}.Debug|Any CPU.Build.0 = Debug|Any CPU
		{EE594F4E-87FE-29A1-F2D9-1C32BD23A045}.Release|Any CPU.ActiveCfg = Release|Any CPU
		{EE594F4E-87FE-29A1-F2D9-1C32BD23A045}.Release|Any CPU.Build.0 = Release|Any CPU
		{5D30A248-F881-08C3-0371-FAA46C219E51}.Debug|Any CPU.ActiveCfg = Debug|Any CPU
		{5D30A248-F881-08C3-0371-FAA46C219E51}.Debug|Any CPU.Build.0 = Debug|Any CPU
		{5D30A248-F881-08C3-0371-FAA46C219E51}.Release|Any CPU.ActiveCfg = Release|Any CPU
		{5D30A248-F881-08C3-0371-FAA46C219E51}.Release|Any CPU.Build.0 = Release|Any CPU
		{9655E80A-7729-48E4-2515-7C3D2C0B2ACC}.Debug|Any CPU.ActiveCfg = Debug|Any CPU
		{9655E80A-7729-48E4-2515-7C3D2C0B2ACC}.Debug|Any CPU.Build.0 = Debug|Any CPU
		{9655E80A-7729-48E4-2515-7C3D2C0B2ACC}.Release|Any CPU.ActiveCfg = Release|Any CPU
		{9655E80A-7729-48E4-2515-7C3D2C0B2ACC}.Release|Any CPU.Build.0 = Release|Any CPU
		{893B39C0-B2B3-1CCE-2C4C-946EE579BF6D}.Debug|Any CPU.ActiveCfg = Debug|Any CPU
		{893B39C0-B2B3-1CCE-2C4C-946EE579BF6D}.Debug|Any CPU.Build.0 = Debug|Any CPU
		{893B39C0-B2B3-1CCE-2C4C-946EE579BF6D}.Release|Any CPU.ActiveCfg = Release|Any CPU
		{893B39C0-B2B3-1CCE-2C4C-946EE579BF6D}.Release|Any CPU.Build.0 = Release|Any CPU
		{740D88A0-7F99-0EC4-B57D-BFB5CF765743}.Debug|Any CPU.ActiveCfg = Debug|Any CPU
		{740D88A0-7F99-0EC4-B57D-BFB5CF765743}.Debug|Any CPU.Build.0 = Debug|Any CPU
		{740D88A0-7F99-0EC4-B57D-BFB5CF765743}.Release|Any CPU.ActiveCfg = Release|Any CPU
		{740D88A0-7F99-0EC4-B57D-BFB5CF765743}.Release|Any CPU.Build.0 = Release|Any CPU
		{19911110-A7DF-5515-51D7-3420E114372D}.Debug|Any CPU.ActiveCfg = Debug|Any CPU
		{19911110-A7DF-5515-51D7-3420E114372D}.Debug|Any CPU.Build.0 = Debug|Any CPU
		{19911110-A7DF-5515-51D7-3420E114372D}.Release|Any CPU.ActiveCfg = Release|Any CPU
		{19911110-A7DF-5515-51D7-3420E114372D}.Release|Any CPU.Build.0 = Release|Any CPU
		{B53385F9-2FA3-8A55-596B-5CF4B5FC39A0}.Debug|Any CPU.ActiveCfg = Debug|Any CPU
		{B53385F9-2FA3-8A55-596B-5CF4B5FC39A0}.Debug|Any CPU.Build.0 = Debug|Any CPU
		{B53385F9-2FA3-8A55-596B-5CF4B5FC39A0}.Release|Any CPU.ActiveCfg = Release|Any CPU
		{B53385F9-2FA3-8A55-596B-5CF4B5FC39A0}.Release|Any CPU.Build.0 = Release|Any CPU
		{1B480748-2020-9382-5BAC-3CAB19A24DE4}.Debug|Any CPU.ActiveCfg = Debug|Any CPU
		{1B480748-2020-9382-5BAC-3CAB19A24DE4}.Debug|Any CPU.Build.0 = Debug|Any CPU
		{1B480748-2020-9382-5BAC-3CAB19A24DE4}.Release|Any CPU.ActiveCfg = Release|Any CPU
		{1B480748-2020-9382-5BAC-3CAB19A24DE4}.Release|Any CPU.Build.0 = Release|Any CPU
		{809E74B3-7EAD-77D3-7219-BB81347227C9}.Debug|Any CPU.ActiveCfg = Debug|Any CPU
		{809E74B3-7EAD-77D3-7219-BB81347227C9}.Debug|Any CPU.Build.0 = Debug|Any CPU
		{809E74B3-7EAD-77D3-7219-BB81347227C9}.Release|Any CPU.ActiveCfg = Release|Any CPU
		{809E74B3-7EAD-77D3-7219-BB81347227C9}.Release|Any CPU.Build.0 = Release|Any CPU
		{3C2AE7BF-B083-4B54-CF83-62F449D79E68}.Debug|Any CPU.ActiveCfg = Debug|Any CPU
		{3C2AE7BF-B083-4B54-CF83-62F449D79E68}.Debug|Any CPU.Build.0 = Debug|Any CPU
		{3C2AE7BF-B083-4B54-CF83-62F449D79E68}.Release|Any CPU.ActiveCfg = Release|Any CPU
		{3C2AE7BF-B083-4B54-CF83-62F449D79E68}.Release|Any CPU.Build.0 = Release|Any CPU
		{90138C64-F42A-2E79-D38E-12DEE63E34E4}.Debug|Any CPU.ActiveCfg = Debug|Any CPU
		{90138C64-F42A-2E79-D38E-12DEE63E34E4}.Debug|Any CPU.Build.0 = Debug|Any CPU
		{90138C64-F42A-2E79-D38E-12DEE63E34E4}.Release|Any CPU.ActiveCfg = Release|Any CPU
		{90138C64-F42A-2E79-D38E-12DEE63E34E4}.Release|Any CPU.Build.0 = Release|Any CPU
		{1A687861-11BF-216E-4AC7-5B66E19541DE}.Debug|Any CPU.ActiveCfg = Debug|Any CPU
		{1A687861-11BF-216E-4AC7-5B66E19541DE}.Debug|Any CPU.Build.0 = Debug|Any CPU
		{1A687861-11BF-216E-4AC7-5B66E19541DE}.Release|Any CPU.ActiveCfg = Release|Any CPU
		{1A687861-11BF-216E-4AC7-5B66E19541DE}.Release|Any CPU.Build.0 = Release|Any CPU
		{F7608DCD-7DBE-2FC4-987F-AD797D8B561A}.Debug|Any CPU.ActiveCfg = Debug|Any CPU
		{F7608DCD-7DBE-2FC4-987F-AD797D8B561A}.Debug|Any CPU.Build.0 = Debug|Any CPU
		{F7608DCD-7DBE-2FC4-987F-AD797D8B561A}.Release|Any CPU.ActiveCfg = Release|Any CPU
		{F7608DCD-7DBE-2FC4-987F-AD797D8B561A}.Release|Any CPU.Build.0 = Release|Any CPU
	EndGlobalSection
	GlobalSection(SolutionProperties) = preSolution
		HideSolutionNode = FALSE
	EndGlobalSection
EndGlobal
