
Microsoft Visual Studio Solution File, Format Version 12.00
# Visual Studio 15
Project("{FAE04EC0-301F-11D3-BF4B-00C04F79EFBC}") = "UnityEngine.TestRunner", "UnityEngine.TestRunner.csproj", "{E32DE983-F6EA-1B46-8FE0-5DE91F25C9D2}"
EndProject
Project("{FAE04EC0-301F-11D3-BF4B-00C04F79EFBC}") = "UnityEngine.UI", "UnityEngine.UI.csproj", "{9A5563F3-CC0F-1B20-6DC6-DB0679CA52A8}"
EndProject
Project("{FAE04EC0-301F-11D3-BF4B-00C04F79EFBC}") = "Unity.VisualScripting.Flow", "Unity.VisualScripting.Flow.csproj", "{8FB9E6E8-32E9-DFBD-54EE-41A48FA362C5}"
EndProject
Project("{FAE04EC0-301F-11D3-BF4B-00C04F79EFBC}") = "Unity.Mathematics", "Unity.Mathematics.csproj", "{9827FB72-1BC5-FD23-59B8-282F76D9D6E9}"
EndProject
Project("{FAE04EC0-301F-11D3-BF4B-00C04F79EFBC}") = "Unity.Services.Core.Telemetry", "Unity.Services.Core.Telemetry.csproj", "{8621FEB4-F4B8-D056-DE32-A0A2B88071A9}"
EndProject
Project("{FAE04EC0-301F-11D3-BF4B-00C04F79EFBC}") = "Unity.InputSystem", "Unity.InputSystem.csproj", "{FB858CF8-866A-9813-5E43-5A8B2E1E2B7E}"
EndProject
Project("{FAE04EC0-301F-11D3-BF4B-00C04F79EFBC}") = "Unity.VisualScripting.State", "Unity.VisualScripting.State.csproj", "{8EE48F83-CBF4-2609-4CDD-7D803D889DBB}"
EndProject
Project("{FAE04EC0-301F-11D3-BF4B-00C04F79EFBC}") = "Unity.VisualScripting.Core", "Unity.VisualScripting.Core.csproj", "{E73B16E1-0D11-2FC0-DDFF-C857EB8C92BD}"
EndProject
Project("{FAE04EC0-301F-11D3-BF4B-00C04F79EFBC}") = "Unity.Services.Core.Environments.Internal", "Unity.Services.Core.Environments.Internal.csproj", "{4E35E723-CDF2-C184-A4F7-48C1AD7E1256}"
EndProject
Project("{FAE04EC0-301F-11D3-BF4B-00C04F79EFBC}") = "Unity.Burst", "Unity.Burst.csproj", "{6143F2E7-2025-16A0-5910-517792EF1F87}"
EndProject
Project("{FAE04EC0-301F-11D3-BF4B-00C04F79EFBC}") = "Assembly-CSharp", "Assembly-CSharp.csproj", "{79A621E8-8EF8-E0F7-5BE0-FDA03A0E759B}"
EndProject
Project("{FAE04EC0-301F-11D3-BF4B-00C04F79EFBC}") = "Unity.2D.Animation.Runtime", "Unity.2D.Animation.Runtime.csproj", "{7D1BA13F-7EF2-6EFF-2644-84F98EA80414}"
EndProject
Project("{FAE04EC0-301F-11D3-BF4B-00C04F79EFBC}") = "Unity.TextMeshPro", "Unity.TextMeshPro.csproj", "{FAD30CEF-9630-A632-F1E4-A74C99D85403}"
EndProject
Project("{FAE04EC0-301F-11D3-BF4B-00C04F79EFBC}") = "Cinemachine", "Cinemachine.csproj", "{0CC33061-76F7-6BC4-FE23-2272D0BD484A}"
EndProject
Project("{FAE04EC0-301F-11D3-BF4B-00C04F79EFBC}") = "Unity.Timeline", "Unity.Timeline.csproj", "{FD342177-3634-BA26-2F5C-A411FE537942}"
EndProject
Project("{FAE04EC0-301F-11D3-BF4B-00C04F79EFBC}") = "Unity.Services.Core", "Unity.Services.Core.csproj", "{D1D84932-9B8F-A9F3-418E-D7C7DA95A63A}"
EndProject
Project("{FAE04EC0-301F-11D3-BF4B-00C04F79EFBC}") = "Unity.Services.Core.Environments", "Unity.Services.Core.Environments.csproj", "{5DFF3B5B-70F2-55C7-AAB1-4EC8E3C1A7C1}"
EndProject
Project("{FAE04EC0-301F-11D3-BF4B-00C04F79EFBC}") = "Unity.Services.Core.Internal", "Unity.Services.Core.Internal.csproj", "{D9E81D33-9A4F-EB8B-9922-4999E6ED7432}"
EndProject
Project("{FAE04EC0-301F-11D3-BF4B-00C04F79EFBC}") = "Unity.Services.Core.Analytics", "Unity.Services.Core.Analytics.csproj", "{E9D4EFDD-7965-3C8E-E986-F7B981213C8F}"
EndProject
Project("{FAE04EC0-301F-11D3-BF4B-00C04F79EFBC}") = "Unity.2D.SpriteShape.Runtime", "Unity.2D.SpriteShape.Runtime.csproj", "{DAAD3DD1-72CC-AC1B-DA4D-613C746AC24E}"
EndProject
Project("{FAE04EC0-301F-11D3-BF4B-00C04F79EFBC}") = "Unity.Services.Core.Scheduler", "Unity.Services.Core.Scheduler.csproj", "{FFADB806-854A-2A6C-A6BD-ED31130D602B}"
EndProject
Project("{FAE04EC0-301F-11D3-BF4B-00C04F79EFBC}") = "Unity.Services.Core.Registration", "Unity.Services.Core.Registration.csproj", "{9B935E62-6BF5-E708-196E-D6CB6D5C45EF}"
EndProject
Project("{FAE04EC0-301F-11D3-BF4B-00C04F79EFBC}") = "Unity.2D.PixelPerfect", "Unity.2D.PixelPerfect.csproj", "{939F2F69-06D1-6262-26D2-67E90CEC85ED}"
EndProject
Project("{FAE04EC0-301F-11D3-BF4B-00C04F79EFBC}") = "Unity.2D.Common.Runtime", "Unity.2D.Common.Runtime.csproj", "{8C0D646B-7066-A85D-1037-F3046E39D912}"
EndProject
Project("{FAE04EC0-301F-11D3-BF4B-00C04F79EFBC}") = "Unity.2D.IK.Runtime", "Unity.2D.IK.Runtime.csproj", "{23109728-E424-05B1-A2BF-2622EF5B4E3B}"
EndProject
Project("{FAE04EC0-301F-11D3-BF4B-00C04F79EFBC}") = "Unity.Services.Core.Device", "Unity.Services.Core.Device.csproj", "{F10DFB14-7B8E-7878-693F-1D39DF536D6E}"
EndProject
Project("{FAE04EC0-301F-11D3-BF4B-00C04F79EFBC}") = "Unity.Services.Core.Threading", "Unity.Services.Core.Threading.csproj", "{23A1C7A8-CC21-BBFE-CA7F-2502D6887D62}"
EndProject
Project("{FAE04EC0-301F-11D3-BF4B-00C04F79EFBC}") = "Unity.2D.Tilemap.Extras", "Unity.2D.Tilemap.Extras.csproj", "{FEA39BD1-BFB0-F9F6-0F09-B5E1234E9B07}"
EndProject
Project("{FAE04EC0-301F-11D3-BF4B-00C04F79EFBC}") = "Unity.Services.Core.Networking", "Unity.Services.Core.Networking.csproj", "{78228F31-64AB-B9BF-C3B7-D22998B08DF4}"
EndProject
Project("{FAE04EC0-301F-11D3-BF4B-00C04F79EFBC}") = "Unity.InternalAPIEngineBridge.001", "Unity.InternalAPIEngineBridge.001.csproj", "{94988272-A906-F7B8-DED0-D6DB3C54E506}"
EndProject
Project("{FAE04EC0-301F-11D3-BF4B-00C04F79EFBC}") = "Unity.Services.Core.Configuration", "Unity.Services.Core.Configuration.csproj", "{3162B23B-28B1-E868-72CC-D0EFA33B647A}"
EndProject
Project("{FAE04EC0-301F-11D3-BF4B-00C04F79EFBC}") = "Unity.PlasticSCM.Editor", "Unity.PlasticSCM.Editor.csproj", "{175A1EEC-54A1-BF87-7063-865BD22DA365}"
EndProject
Project("{FAE04EC0-301F-11D3-BF4B-00C04F79EFBC}") = "Unity.VisualScripting.Core.Editor", "Unity.VisualScripting.Core.Editor.csproj", "{780B03AA-85FB-F233-6587-27AC8C5244F9}"
EndProject
Project("{FAE04EC0-301F-11D3-BF4B-00C04F79EFBC}") = "Unity.VisualScripting.Flow.Editor", "Unity.VisualScripting.Flow.Editor.csproj", "{7CC1F86F-F609-4FCA-692E-66011A47B8F9}"
EndProject
Project("{FAE04EC0-301F-11D3-BF4B-00C04F79EFBC}") = "Unity.VisualStudio.Editor", "Unity.VisualStudio.Editor.csproj", "{E48B69A7-3335-8C5B-8271-A749629709B7}"
EndProject
Project("{FAE04EC0-301F-11D3-BF4B-00C04F79EFBC}") = "Unity.Timeline.Editor", "Unity.Timeline.Editor.csproj", "{E283AF1A-BD4E-BF89-1667-1090ECC6918C}"
EndProject
Project("{FAE04EC0-301F-11D3-BF4B-00C04F79EFBC}") = "com.unity.cinemachine.editor", "com.unity.cinemachine.editor.csproj", "{3969D9D2-059C-1D7F-86A5-5AD9D1CE1143}"
EndProject
Project("{FAE04EC0-301F-11D3-BF4B-00C04F79EFBC}") = "Unity.VisualScripting.State.Editor", "Unity.VisualScripting.State.Editor.csproj", "{B313A609-9D44-A8A5-A1BE-27B344F7AFEA}"
EndProject
Project("{FAE04EC0-301F-11D3-BF4B-00C04F79EFBC}") = "Unity.TextMeshPro.Editor", "Unity.TextMeshPro.Editor.csproj", "{8FA721DF-003E-970A-868F-422B33B04BDC}"
EndProject
Project("{FAE04EC0-301F-11D3-BF4B-00C04F79EFBC}") = "Unity.2D.Animation.Editor", "Unity.2D.Animation.Editor.csproj", "{B5E43012-CACC-57E4-3BF1-018316283A15}"
EndProject
Project("{FAE04EC0-301F-11D3-BF4B-00C04F79EFBC}") = "Unity.VisualScripting.SettingsProvider.Editor", "Unity.VisualScripting.SettingsProvider.Editor.csproj", "{9FDCE90B-3FE7-2D8F-1DB7-BAAE37342489}"
EndProject
Project("{FAE04EC0-301F-11D3-BF4B-00C04F79EFBC}") = "Unity.CollabProxy.Editor", "Unity.CollabProxy.Editor.csproj", "{39647E62-EC6C-823B-6156-69B3EBFAA77F}"
EndProject
Project("{FAE04EC0-301F-11D3-BF4B-00C04F79EFBC}") = "UnityEditor.TestRunner", "UnityEditor.TestRunner.csproj", "{21320879-DB13-24B0-B4A1-96E6503252D2}"
EndProject
Project("{FAE04EC0-301F-11D3-BF4B-00C04F79EFBC}") = "Unity.2D.Tilemap.Editor", "Unity.2D.Tilemap.Editor.csproj", "{C53EF3D0-CAD0-4DC4-0C2F-D594E0909DDF}"
EndProject
Project("{FAE04EC0-301F-11D3-BF4B-00C04F79EFBC}") = "Unity.Services.Core.Editor", "Unity.Services.Core.Editor.csproj", "{581BADE6-4A9B-4390-7D65-2848DFBACD1D}"
EndProject
Project("{FAE04EC0-301F-11D3-BF4B-00C04F79EFBC}") = "Unity.Rider.Editor", "Unity.Rider.Editor.csproj", "{1DB30758-6D4C-0DBF-A367-95E6384E6CBF}"
EndProject
Project("{FAE04EC0-301F-11D3-BF4B-00C04F79EFBC}") = "Unity.2D.Path.Editor", "Unity.2D.Path.Editor.csproj", "{C2F5C971-7FB7-6DBD-C08A-EF03F8E0177D}"
EndProject
Project("{FAE04EC0-301F-11D3-BF4B-00C04F79EFBC}") = "PsdPlugin", "PsdPlugin.csproj", "{28AEE986-1F42-830B-2C79-D0E76E2930A0}"
EndProject
Project("{FAE04EC0-301F-11D3-BF4B-00C04F79EFBC}") = "Unity.2D.IK.Editor", "Unity.2D.IK.Editor.csproj", "{3388C7EB-A595-0A35-EC75-EB4A415BAA13}"
EndProject
Project("{FAE04EC0-301F-11D3-BF4B-00C04F79EFBC}") = "Unity.2D.Psdimporter.Editor", "Unity.2D.Psdimporter.Editor.csproj", "{420046A0-CE1A-2F81-479D-B08F8646A5DA}"
EndProject
Project("{FAE04EC0-301F-11D3-BF4B-00C04F79EFBC}") = "Unity.2D.SpriteShape.Editor", "Unity.2D.SpriteShape.Editor.csproj", "{2F6A03E9-B5C8-D901-5C1E-5FC9E0C67AFF}"
EndProject
Project("{FAE04EC0-301F-11D3-BF4B-00C04F79EFBC}") = "Unity.Burst.CodeGen", "Unity.Burst.CodeGen.csproj", "{0DE2F866-F2A0-0D57-51DF-830FFE17BE1B}"
EndProject
Project("{FAE04EC0-301F-11D3-BF4B-00C04F79EFBC}") = "Unity.2D.PixelPerfect.Editor", "Unity.2D.PixelPerfect.Editor.csproj", "{A490FAAC-08CC-7DA3-473C-231A371D1FE0}"
EndProject
Project("{FAE04EC0-301F-11D3-BF4B-00C04F79EFBC}") = "Unity.VSCode.Editor", "Unity.VSCode.Editor.csproj", "{646B3919-628F-1414-79BC-2348490F0B83}"
EndProject
Project("{FAE04EC0-301F-11D3-BF4B-00C04F79EFBC}") = "Unity.2D.Sprite.Editor", "Unity.2D.Sprite.Editor.csproj", "{520D8D0D-CBAF-9F88-9E25-8002E477C6A5}"
EndProject
Project("{FAE04EC0-301F-11D3-BF4B-00C04F79EFBC}") = "UnityEditor.UI", "UnityEditor.UI.csproj", "{E791A8E6-8F9A-2CAF-56B0-5BFC609231E2}"
EndProject
Project("{FAE04EC0-301F-11D3-BF4B-00C04F79EFBC}") = "Unity.2D.Common.Editor", "Unity.2D.Common.Editor.csproj", "{2718572F-0748-286D-B91D-D791F4E258EC}"
EndProject
Project("{FAE04EC0-301F-11D3-BF4B-00C04F79EFBC}") = "Unity.Mathematics.Editor", "Unity.Mathematics.Editor.csproj", "{65CA75D8-3A25-4C09-87B2-2BDC1B0F8726}"
EndProject
Project("{FAE04EC0-301F-11D3-BF4B-00C04F79EFBC}") = "Unity.Services.Core.Configuration.Editor", "Unity.Services.Core.Configuration.Editor.csproj", "{536D5ACB-C839-98DF-7F8B-87324DD001C2}"
EndProject
Project("{FAE04EC0-301F-11D3-BF4B-00C04F79EFBC}") = "Unity.2D.Tilemap.Extras.Editor", "Unity.2D.Tilemap.Extras.Editor.csproj", "{CAC1248A-4767-CF9C-8B3E-90F471D7C9DF}"
EndProject
Project("{FAE04EC0-301F-11D3-BF4B-00C04F79EFBC}") = "Unity.Burst.Editor", "Unity.Burst.Editor.csproj", "{82004194-1887-7585-D292-BE7E381614FB}"
EndProject
Project("{FAE04EC0-301F-11D3-BF4B-00C04F79EFBC}") = "Unity.InternalAPIEditorBridge.001", "Unity.InternalAPIEditorBridge.001.csproj", "{9A8FB622-2429-F01B-E2E2-DADFEDA96B3D}"
EndProject
Project("{FAE04EC0-301F-11D3-BF4B-00C04F79EFBC}") = "Unity.VisualScripting.Shared.Editor", "Unity.VisualScripting.Shared.Editor.csproj", "{555826BF-8B5B-C2B9-EE14-21E954BE356D}"
EndProject
Project("{FAE04EC0-301F-11D3-BF4B-00C04F79EFBC}") = "UnityEngine.TestRunner", "UnityEngine.TestRunner.Player.csproj", "{2FDAC37F-B837-090B-303B-C7F6DEF66FBD}"
EndProject
Project("{FAE04EC0-301F-11D3-BF4B-00C04F79EFBC}") = "UnityEngine.UI", "UnityEngine.UI.Player.csproj", "{E9063531-A212-1652-F87C-A86191B16B0D}"
EndProject
Project("{FAE04EC0-301F-11D3-BF4B-00C04F79EFBC}") = "Unity.VisualScripting.Flow", "Unity.VisualScripting.Flow.Player.csproj", "{02DF3A69-CAB6-D2FB-E6C8-3B27FC614A14}"
EndProject
Project("{FAE04EC0-301F-11D3-BF4B-00C04F79EFBC}") = "Unity.Mathematics", "Unity.Mathematics.Player.csproj", "{B4901415-F202-75C6-CB9C-49D3057D123B}"
EndProject
Project("{FAE04EC0-301F-11D3-BF4B-00C04F79EFBC}") = "Unity.Services.Core.Telemetry", "Unity.Services.Core.Telemetry.Player.csproj", "{F54C218E-B1E6-691E-0B97-A9C0A8D80E7F}"
EndProject
Project("{FAE04EC0-301F-11D3-BF4B-00C04F79EFBC}") = "Unity.InputSystem", "Unity.InputSystem.Player.csproj", "{0B6E558D-05C4-3DB9-83BB-C6E5801C95DA}"
EndProject
Project("{FAE04EC0-301F-11D3-BF4B-00C04F79EFBC}") = "Unity.VisualScripting.State", "Unity.VisualScripting.State.Player.csproj", "{EF01D991-9751-E8E4-EDA2-E1116A1513F2}"
EndProject
Project("{FAE04EC0-301F-11D3-BF4B-00C04F79EFBC}") = "Unity.VisualScripting.Core", "Unity.VisualScripting.Core.Player.csproj", "{F40FA074-DF16-AABB-AC67-E7631367CAC5}"
EndProject
Project("{FAE04EC0-301F-11D3-BF4B-00C04F79EFBC}") = "Unity.Services.Core.Environments.Internal", "Unity.Services.Core.Environments.Internal.Player.csproj", "{A5D24F5D-B070-6B65-6F21-7C8081217533}"
EndProject
Project("{FAE04EC0-301F-11D3-BF4B-00C04F79EFBC}") = "Unity.Burst", "Unity.Burst.Player.csproj", "{AC4118F9-BF1E-F75E-4092-6737B1C5F17A}"
EndProject
Project("{FAE04EC0-301F-11D3-BF4B-00C04F79EFBC}") = "Assembly-CSharp", "Assembly-CSharp.Player.csproj", "{C2F7E4C3-39C2-939A-33BE-77729530964F}"
EndProject
Project("{FAE04EC0-301F-11D3-BF4B-00C04F79EFBC}") = "Unity.2D.Animation.Runtime", "Unity.2D.Animation.Runtime.Player.csproj", "{D0C1CE3F-AE4F-0D66-75BB-E9BD851E287D}"
EndProject
Project("{FAE04EC0-301F-11D3-BF4B-00C04F79EFBC}") = "Unity.TextMeshPro", "Unity.TextMeshPro.Player.csproj", "{321D4D58-976D-24F2-7854-7F100C662DD7}"
EndProject
Project("{FAE04EC0-301F-11D3-BF4B-00C04F79EFBC}") = "Cinemachine", "Cinemachine.Player.csproj", "{D19E527B-6CDC-D901-4E05-9C8143EDFD44}"
EndProject
Project("{FAE04EC0-301F-11D3-BF4B-00C04F79EFBC}") = "Unity.Timeline", "Unity.Timeline.Player.csproj", "{F7909A1D-26FB-ABD5-84B6-BE32EB731F7E}"
EndProject
Project("{FAE04EC0-301F-11D3-BF4B-00C04F79EFBC}") = "Unity.Services.Core", "Unity.Services.Core.Player.csproj", "{D41C5E24-D196-7037-8AD6-C24E76C7A235}"
EndProject
Project("{FAE04EC0-301F-11D3-BF4B-00C04F79EFBC}") = "Unity.Services.Core.Environments", "Unity.Services.Core.Environments.Player.csproj", "{CC7E172E-C4E0-B7D5-12C1-DE2D1ED8B69F}"
EndProject
Project("{FAE04EC0-301F-11D3-BF4B-00C04F79EFBC}") = "Unity.Services.Core.Internal", "Unity.Services.Core.Internal.Player.csproj", "{92845C6D-2478-3A69-F340-94BA78239508}"
EndProject
Project("{FAE04EC0-301F-11D3-BF4B-00C04F79EFBC}") = "Unity.Services.Core.Analytics", "Unity.Services.Core.Analytics.Player.csproj", "{73072628-F90C-ABEA-796D-9E54C520058C}"
EndProject
Project("{FAE04EC0-301F-11D3-BF4B-00C04F79EFBC}") = "Unity.2D.SpriteShape.Runtime", "Unity.2D.SpriteShape.Runtime.Player.csproj", "{D720370E-E09C-E2A2-4B59-79B098493DE9}"
EndProject
Project("{FAE04EC0-301F-11D3-BF4B-00C04F79EFBC}") = "Unity.Services.Core.Scheduler", "Unity.Services.Core.Scheduler.Player.csproj", "{6EF06526-8820-1799-FCD7-69C2F6F9E05F}"
EndProject
Project("{FAE04EC0-301F-11D3-BF4B-00C04F79EFBC}") = "Unity.Services.Core.Registration", "Unity.Services.Core.Registration.Player.csproj", "{9D1AD894-D02A-0C64-D129-6950784F0E76}"
EndProject
Project("{FAE04EC0-301F-11D3-BF4B-00C04F79EFBC}") = "Unity.2D.PixelPerfect", "Unity.2D.PixelPerfect.Player.csproj", "{4575AE56-DC1E-37FB-DE94-B358E9A2F46D}"
EndProject
Project("{FAE04EC0-301F-11D3-BF4B-00C04F79EFBC}") = "Unity.2D.Common.Runtime", "Unity.2D.Common.Runtime.Player.csproj", "{486F7ADA-2E5A-CBE0-B38D-03B6322D80F3}"
EndProject
Project("{FAE04EC0-301F-11D3-BF4B-00C04F79EFBC}") = "Unity.2D.IK.Runtime", "Unity.2D.IK.Runtime.Player.csproj", "{6A034565-0DE3-46BF-7281-4E554C67C0AC}"
EndProject
Project("{FAE04EC0-301F-11D3-BF4B-00C04F79EFBC}") = "Unity.Services.Core.Device", "Unity.Services.Core.Device.Player.csproj", "{7EE6A873-E8EF-2F64-390F-CCEB78D247C3}"
EndProject
Project("{FAE04EC0-301F-11D3-BF4B-00C04F79EFBC}") = "Unity.Services.Core.Threading", "Unity.Services.Core.Threading.Player.csproj", "{264AD465-7705-C328-B598-06FE97BE4168}"
EndProject
Project("{FAE04EC0-301F-11D3-BF4B-00C04F79EFBC}") = "Unity.2D.Tilemap.Extras", "Unity.2D.Tilemap.Extras.Player.csproj", "{8097BE0E-D2F5-2ECA-EE79-9205F46EB2C4}"
EndProject
Project("{FAE04EC0-301F-11D3-BF4B-00C04F79EFBC}") = "Unity.Services.Core.Networking", "Unity.Services.Core.Networking.Player.csproj", "{4B6FD2BA-8E08-7561-8079-2670ED590CBA}"
EndProject
Project("{FAE04EC0-301F-11D3-BF4B-00C04F79EFBC}") = "Unity.InternalAPIEngineBridge.001", "Unity.InternalAPIEngineBridge.001.Player.csproj", "{D8D628C9-FB1D-A15A-4C3F-3BB748D2CBDB}"
EndProject
Project("{FAE04EC0-301F-11D3-BF4B-00C04F79EFBC}") = "Unity.Services.Core.Configuration", "Unity.Services.Core.Configuration.Player.csproj", "{249C299C-F0DF-4A43-8EF5-F70C1CDFF86D}"
EndProject
Global
	GlobalSection(SolutionConfigurationPlatforms) = preSolution
		Debug|Any CPU = Debug|Any CPU
		Release|Any CPU = Release|Any CPU
	EndGlobalSection
	GlobalSection(ProjectConfigurationPlatforms) = postSolution
		{E32DE983-F6EA-1B46-8FE0-5DE91F25C9D2}.Debug|Any CPU.ActiveCfg = Debug|Any CPU
		{E32DE983-F6EA-1B46-8FE0-5DE91F25C9D2}.Debug|Any CPU.Build.0 = Debug|Any CPU
		{E32DE983-F6EA-1B46-8FE0-5DE91F25C9D2}.Release|Any CPU.ActiveCfg = Release|Any CPU
		{E32DE983-F6EA-1B46-8FE0-5DE91F25C9D2}.Release|Any CPU.Build.0 = Release|Any CPU
		{9A5563F3-CC0F-1B20-6DC6-DB0679CA52A8}.Debug|Any CPU.ActiveCfg = Debug|Any CPU
		{9A5563F3-CC0F-1B20-6DC6-DB0679CA52A8}.Debug|Any CPU.Build.0 = Debug|Any CPU
		{9A5563F3-CC0F-1B20-6DC6-DB0679CA52A8}.Release|Any CPU.ActiveCfg = Release|Any CPU
		{9A5563F3-CC0F-1B20-6DC6-DB0679CA52A8}.Release|Any CPU.Build.0 = Release|Any CPU
		{8FB9E6E8-32E9-DFBD-54EE-41A48FA362C5}.Debug|Any CPU.ActiveCfg = Debug|Any CPU
		{8FB9E6E8-32E9-DFBD-54EE-41A48FA362C5}.Debug|Any CPU.Build.0 = Debug|Any CPU
		{8FB9E6E8-32E9-DFBD-54EE-41A48FA362C5}.Release|Any CPU.ActiveCfg = Release|Any CPU
		{8FB9E6E8-32E9-DFBD-54EE-41A48FA362C5}.Release|Any CPU.Build.0 = Release|Any CPU
		{9827FB72-1BC5-FD23-59B8-282F76D9D6E9}.Debug|Any CPU.ActiveCfg = Debug|Any CPU
		{9827FB72-1BC5-FD23-59B8-282F76D9D6E9}.Debug|Any CPU.Build.0 = Debug|Any CPU
		{9827FB72-1BC5-FD23-59B8-282F76D9D6E9}.Release|Any CPU.ActiveCfg = Release|Any CPU
		{9827FB72-1BC5-FD23-59B8-282F76D9D6E9}.Release|Any CPU.Build.0 = Release|Any CPU
		{8621FEB4-F4B8-D056-DE32-A0A2B88071A9}.Debug|Any CPU.ActiveCfg = Debug|Any CPU
		{8621FEB4-F4B8-D056-DE32-A0A2B88071A9}.Debug|Any CPU.Build.0 = Debug|Any CPU
		{8621FEB4-F4B8-D056-DE32-A0A2B88071A9}.Release|Any CPU.ActiveCfg = Release|Any CPU
		{8621FEB4-F4B8-D056-DE32-A0A2B88071A9}.Release|Any CPU.Build.0 = Release|Any CPU
		{FB858CF8-866A-9813-5E43-5A8B2E1E2B7E}.Debug|Any CPU.ActiveCfg = Debug|Any CPU
		{FB858CF8-866A-9813-5E43-5A8B2E1E2B7E}.Debug|Any CPU.Build.0 = Debug|Any CPU
		{FB858CF8-866A-9813-5E43-5A8B2E1E2B7E}.Release|Any CPU.ActiveCfg = Release|Any CPU
		{FB858CF8-866A-9813-5E43-5A8B2E1E2B7E}.Release|Any CPU.Build.0 = Release|Any CPU
		{8EE48F83-CBF4-2609-4CDD-7D803D889DBB}.Debug|Any CPU.ActiveCfg = Debug|Any CPU
		{8EE48F83-CBF4-2609-4CDD-7D803D889DBB}.Debug|Any CPU.Build.0 = Debug|Any CPU
		{8EE48F83-CBF4-2609-4CDD-7D803D889DBB}.Release|Any CPU.ActiveCfg = Release|Any CPU
		{8EE48F83-CBF4-2609-4CDD-7D803D889DBB}.Release|Any CPU.Build.0 = Release|Any CPU
		{E73B16E1-0D11-2FC0-DDFF-C857EB8C92BD}.Debug|Any CPU.ActiveCfg = Debug|Any CPU
		{E73B16E1-0D11-2FC0-DDFF-C857EB8C92BD}.Debug|Any CPU.Build.0 = Debug|Any CPU
		{E73B16E1-0D11-2FC0-DDFF-C857EB8C92BD}.Release|Any CPU.ActiveCfg = Release|Any CPU
		{E73B16E1-0D11-2FC0-DDFF-C857EB8C92BD}.Release|Any CPU.Build.0 = Release|Any CPU
		{4E35E723-CDF2-C184-A4F7-48C1AD7E1256}.Debug|Any CPU.ActiveCfg = Debug|Any CPU
		{4E35E723-CDF2-C184-A4F7-48C1AD7E1256}.Debug|Any CPU.Build.0 = Debug|Any CPU
		{4E35E723-CDF2-C184-A4F7-48C1AD7E1256}.Release|Any CPU.ActiveCfg = Release|Any CPU
		{4E35E723-CDF2-C184-A4F7-48C1AD7E1256}.Release|Any CPU.Build.0 = Release|Any CPU
		{6143F2E7-2025-16A0-5910-517792EF1F87}.Debug|Any CPU.ActiveCfg = Debug|Any CPU
		{6143F2E7-2025-16A0-5910-517792EF1F87}.Debug|Any CPU.Build.0 = Debug|Any CPU
		{6143F2E7-2025-16A0-5910-517792EF1F87}.Release|Any CPU.ActiveCfg = Release|Any CPU
		{6143F2E7-2025-16A0-5910-517792EF1F87}.Release|Any CPU.Build.0 = Release|Any CPU
		{79A621E8-8EF8-E0F7-5BE0-FDA03A0E759B}.Debug|Any CPU.ActiveCfg = Debug|Any CPU
		{79A621E8-8EF8-E0F7-5BE0-FDA03A0E759B}.Debug|Any CPU.Build.0 = Debug|Any CPU
		{79A621E8-8EF8-E0F7-5BE0-FDA03A0E759B}.Release|Any CPU.ActiveCfg = Release|Any CPU
		{79A621E8-8EF8-E0F7-5BE0-FDA03A0E759B}.Release|Any CPU.Build.0 = Release|Any CPU
		{7D1BA13F-7EF2-6EFF-2644-84F98EA80414}.Debug|Any CPU.ActiveCfg = Debug|Any CPU
		{7D1BA13F-7EF2-6EFF-2644-84F98EA80414}.Debug|Any CPU.Build.0 = Debug|Any CPU
		{7D1BA13F-7EF2-6EFF-2644-84F98EA80414}.Release|Any CPU.ActiveCfg = Release|Any CPU
		{7D1BA13F-7EF2-6EFF-2644-84F98EA80414}.Release|Any CPU.Build.0 = Release|Any CPU
		{FAD30CEF-9630-A632-F1E4-A74C99D85403}.Debug|Any CPU.ActiveCfg = Debug|Any CPU
		{FAD30CEF-9630-A632-F1E4-A74C99D85403}.Debug|Any CPU.Build.0 = Debug|Any CPU
		{FAD30CEF-9630-A632-F1E4-A74C99D85403}.Release|Any CPU.ActiveCfg = Release|Any CPU
		{FAD30CEF-9630-A632-F1E4-A74C99D85403}.Release|Any CPU.Build.0 = Release|Any CPU
		{0CC33061-76F7-6BC4-FE23-2272D0BD484A}.Debug|Any CPU.ActiveCfg = Debug|Any CPU
		{0CC33061-76F7-6BC4-FE23-2272D0BD484A}.Debug|Any CPU.Build.0 = Debug|Any CPU
		{0CC33061-76F7-6BC4-FE23-2272D0BD484A}.Release|Any CPU.ActiveCfg = Release|Any CPU
		{0CC33061-76F7-6BC4-FE23-2272D0BD484A}.Release|Any CPU.Build.0 = Release|Any CPU
		{FD342177-3634-BA26-2F5C-A411FE537942}.Debug|Any CPU.ActiveCfg = Debug|Any CPU
		{FD342177-3634-BA26-2F5C-A411FE537942}.Debug|Any CPU.Build.0 = Debug|Any CPU
		{FD342177-3634-BA26-2F5C-A411FE537942}.Release|Any CPU.ActiveCfg = Release|Any CPU
		{FD342177-3634-BA26-2F5C-A411FE537942}.Release|Any CPU.Build.0 = Release|Any CPU
		{D1D84932-9B8F-A9F3-418E-D7C7DA95A63A}.Debug|Any CPU.ActiveCfg = Debug|Any CPU
		{D1D84932-9B8F-A9F3-418E-D7C7DA95A63A}.Debug|Any CPU.Build.0 = Debug|Any CPU
		{D1D84932-9B8F-A9F3-418E-D7C7DA95A63A}.Release|Any CPU.ActiveCfg = Release|Any CPU
		{D1D84932-9B8F-A9F3-418E-D7C7DA95A63A}.Release|Any CPU.Build.0 = Release|Any CPU
		{5DFF3B5B-70F2-55C7-AAB1-4EC8E3C1A7C1}.Debug|Any CPU.ActiveCfg = Debug|Any CPU
		{5DFF3B5B-70F2-55C7-AAB1-4EC8E3C1A7C1}.Debug|Any CPU.Build.0 = Debug|Any CPU
		{5DFF3B5B-70F2-55C7-AAB1-4EC8E3C1A7C1}.Release|Any CPU.ActiveCfg = Release|Any CPU
		{5DFF3B5B-70F2-55C7-AAB1-4EC8E3C1A7C1}.Release|Any CPU.Build.0 = Release|Any CPU
		{D9E81D33-9A4F-EB8B-9922-4999E6ED7432}.Debug|Any CPU.ActiveCfg = Debug|Any CPU
		{D9E81D33-9A4F-EB8B-9922-4999E6ED7432}.Debug|Any CPU.Build.0 = Debug|Any CPU
		{D9E81D33-9A4F-EB8B-9922-4999E6ED7432}.Release|Any CPU.ActiveCfg = Release|Any CPU
		{D9E81D33-9A4F-EB8B-9922-4999E6ED7432}.Release|Any CPU.Build.0 = Release|Any CPU
		{E9D4EFDD-7965-3C8E-E986-F7B981213C8F}.Debug|Any CPU.ActiveCfg = Debug|Any CPU
		{E9D4EFDD-7965-3C8E-E986-F7B981213C8F}.Debug|Any CPU.Build.0 = Debug|Any CPU
		{E9D4EFDD-7965-3C8E-E986-F7B981213C8F}.Release|Any CPU.ActiveCfg = Release|Any CPU
		{E9D4EFDD-7965-3C8E-E986-F7B981213C8F}.Release|Any CPU.Build.0 = Release|Any CPU
		{DAAD3DD1-72CC-AC1B-DA4D-613C746AC24E}.Debug|Any CPU.ActiveCfg = Debug|Any CPU
		{DAAD3DD1-72CC-AC1B-DA4D-613C746AC24E}.Debug|Any CPU.Build.0 = Debug|Any CPU
		{DAAD3DD1-72CC-AC1B-DA4D-613C746AC24E}.Release|Any CPU.ActiveCfg = Release|Any CPU
		{DAAD3DD1-72CC-AC1B-DA4D-613C746AC24E}.Release|Any CPU.Build.0 = Release|Any CPU
		{FFADB806-854A-2A6C-A6BD-ED31130D602B}.Debug|Any CPU.ActiveCfg = Debug|Any CPU
		{FFADB806-854A-2A6C-A6BD-ED31130D602B}.Debug|Any CPU.Build.0 = Debug|Any CPU
		{FFADB806-854A-2A6C-A6BD-ED31130D602B}.Release|Any CPU.ActiveCfg = Release|Any CPU
		{FFADB806-854A-2A6C-A6BD-ED31130D602B}.Release|Any CPU.Build.0 = Release|Any CPU
		{9B935E62-6BF5-E708-196E-D6CB6D5C45EF}.Debug|Any CPU.ActiveCfg = Debug|Any CPU
		{9B935E62-6BF5-E708-196E-D6CB6D5C45EF}.Debug|Any CPU.Build.0 = Debug|Any CPU
		{9B935E62-6BF5-E708-196E-D6CB6D5C45EF}.Release|Any CPU.ActiveCfg = Release|Any CPU
		{9B935E62-6BF5-E708-196E-D6CB6D5C45EF}.Release|Any CPU.Build.0 = Release|Any CPU
		{939F2F69-06D1-6262-26D2-67E90CEC85ED}.Debug|Any CPU.ActiveCfg = Debug|Any CPU
		{939F2F69-06D1-6262-26D2-67E90CEC85ED}.Debug|Any CPU.Build.0 = Debug|Any CPU
		{939F2F69-06D1-6262-26D2-67E90CEC85ED}.Release|Any CPU.ActiveCfg = Release|Any CPU
		{939F2F69-06D1-6262-26D2-67E90CEC85ED}.Release|Any CPU.Build.0 = Release|Any CPU
		{8C0D646B-7066-A85D-1037-F3046E39D912}.Debug|Any CPU.ActiveCfg = Debug|Any CPU
		{8C0D646B-7066-A85D-1037-F3046E39D912}.Debug|Any CPU.Build.0 = Debug|Any CPU
		{8C0D646B-7066-A85D-1037-F3046E39D912}.Release|Any CPU.ActiveCfg = Release|Any CPU
		{8C0D646B-7066-A85D-1037-F3046E39D912}.Release|Any CPU.Build.0 = Release|Any CPU
		{23109728-E424-05B1-A2BF-2622EF5B4E3B}.Debug|Any CPU.ActiveCfg = Debug|Any CPU
		{23109728-E424-05B1-A2BF-2622EF5B4E3B}.Debug|Any CPU.Build.0 = Debug|Any CPU
		{23109728-E424-05B1-A2BF-2622EF5B4E3B}.Release|Any CPU.ActiveCfg = Release|Any CPU
		{23109728-E424-05B1-A2BF-2622EF5B4E3B}.Release|Any CPU.Build.0 = Release|Any CPU
		{F10DFB14-7B8E-7878-693F-1D39DF536D6E}.Debug|Any CPU.ActiveCfg = Debug|Any CPU
		{F10DFB14-7B8E-7878-693F-1D39DF536D6E}.Debug|Any CPU.Build.0 = Debug|Any CPU
		{F10DFB14-7B8E-7878-693F-1D39DF536D6E}.Release|Any CPU.ActiveCfg = Release|Any CPU
		{F10DFB14-7B8E-7878-693F-1D39DF536D6E}.Release|Any CPU.Build.0 = Release|Any CPU
		{23A1C7A8-CC21-BBFE-CA7F-2502D6887D62}.Debug|Any CPU.ActiveCfg = Debug|Any CPU
		{23A1C7A8-CC21-BBFE-CA7F-2502D6887D62}.Debug|Any CPU.Build.0 = Debug|Any CPU
		{23A1C7A8-CC21-BBFE-CA7F-2502D6887D62}.Release|Any CPU.ActiveCfg = Release|Any CPU
		{23A1C7A8-CC21-BBFE-CA7F-2502D6887D62}.Release|Any CPU.Build.0 = Release|Any CPU
		{FEA39BD1-BFB0-F9F6-0F09-B5E1234E9B07}.Debug|Any CPU.ActiveCfg = Debug|Any CPU
		{FEA39BD1-BFB0-F9F6-0F09-B5E1234E9B07}.Debug|Any CPU.Build.0 = Debug|Any CPU
		{FEA39BD1-BFB0-F9F6-0F09-B5E1234E9B07}.Release|Any CPU.ActiveCfg = Release|Any CPU
		{FEA39BD1-BFB0-F9F6-0F09-B5E1234E9B07}.Release|Any CPU.Build.0 = Release|Any CPU
		{78228F31-64AB-B9BF-C3B7-D22998B08DF4}.Debug|Any CPU.ActiveCfg = Debug|Any CPU
		{78228F31-64AB-B9BF-C3B7-D22998B08DF4}.Debug|Any CPU.Build.0 = Debug|Any CPU
		{78228F31-64AB-B9BF-C3B7-D22998B08DF4}.Release|Any CPU.ActiveCfg = Release|Any CPU
		{78228F31-64AB-B9BF-C3B7-D22998B08DF4}.Release|Any CPU.Build.0 = Release|Any CPU
		{94988272-A906-F7B8-DED0-D6DB3C54E506}.Debug|Any CPU.ActiveCfg = Debug|Any CPU
		{94988272-A906-F7B8-DED0-D6DB3C54E506}.Debug|Any CPU.Build.0 = Debug|Any CPU
		{94988272-A906-F7B8-DED0-D6DB3C54E506}.Release|Any CPU.ActiveCfg = Release|Any CPU
		{94988272-A906-F7B8-DED0-D6DB3C54E506}.Release|Any CPU.Build.0 = Release|Any CPU
		{3162B23B-28B1-E868-72CC-D0EFA33B647A}.Debug|Any CPU.ActiveCfg = Debug|Any CPU
		{3162B23B-28B1-E868-72CC-D0EFA33B647A}.Debug|Any CPU.Build.0 = Debug|Any CPU
		{3162B23B-28B1-E868-72CC-D0EFA33B647A}.Release|Any CPU.ActiveCfg = Release|Any CPU
		{3162B23B-28B1-E868-72CC-D0EFA33B647A}.Release|Any CPU.Build.0 = Release|Any CPU
		{175A1EEC-54A1-BF87-7063-865BD22DA365}.Debug|Any CPU.ActiveCfg = Debug|Any CPU
		{175A1EEC-54A1-BF87-7063-865BD22DA365}.Debug|Any CPU.Build.0 = Debug|Any CPU
		{175A1EEC-54A1-BF87-7063-865BD22DA365}.Release|Any CPU.ActiveCfg = Release|Any CPU
		{175A1EEC-54A1-BF87-7063-865BD22DA365}.Release|Any CPU.Build.0 = Release|Any CPU
		{780B03AA-85FB-F233-6587-27AC8C5244F9}.Debug|Any CPU.ActiveCfg = Debug|Any CPU
		{780B03AA-85FB-F233-6587-27AC8C5244F9}.Debug|Any CPU.Build.0 = Debug|Any CPU
		{780B03AA-85FB-F233-6587-27AC8C5244F9}.Release|Any CPU.ActiveCfg = Release|Any CPU
		{780B03AA-85FB-F233-6587-27AC8C5244F9}.Release|Any CPU.Build.0 = Release|Any CPU
		{7CC1F86F-F609-4FCA-692E-66011A47B8F9}.Debug|Any CPU.ActiveCfg = Debug|Any CPU
		{7CC1F86F-F609-4FCA-692E-66011A47B8F9}.Debug|Any CPU.Build.0 = Debug|Any CPU
		{7CC1F86F-F609-4FCA-692E-66011A47B8F9}.Release|Any CPU.ActiveCfg = Release|Any CPU
		{7CC1F86F-F609-4FCA-692E-66011A47B8F9}.Release|Any CPU.Build.0 = Release|Any CPU
		{E48B69A7-3335-8C5B-8271-A749629709B7}.Debug|Any CPU.ActiveCfg = Debug|Any CPU
		{E48B69A7-3335-8C5B-8271-A749629709B7}.Debug|Any CPU.Build.0 = Debug|Any CPU
		{E48B69A7-3335-8C5B-8271-A749629709B7}.Release|Any CPU.ActiveCfg = Release|Any CPU
		{E48B69A7-3335-8C5B-8271-A749629709B7}.Release|Any CPU.Build.0 = Release|Any CPU
		{E283AF1A-BD4E-BF89-1667-1090ECC6918C}.Debug|Any CPU.ActiveCfg = Debug|Any CPU
		{E283AF1A-BD4E-BF89-1667-1090ECC6918C}.Debug|Any CPU.Build.0 = Debug|Any CPU
		{E283AF1A-BD4E-BF89-1667-1090ECC6918C}.Release|Any CPU.ActiveCfg = Release|Any CPU
		{E283AF1A-BD4E-BF89-1667-1090ECC6918C}.Release|Any CPU.Build.0 = Release|Any CPU
		{3969D9D2-059C-1D7F-86A5-5AD9D1CE1143}.Debug|Any CPU.ActiveCfg = Debug|Any CPU
		{3969D9D2-059C-1D7F-86A5-5AD9D1CE1143}.Debug|Any CPU.Build.0 = Debug|Any CPU
		{3969D9D2-059C-1D7F-86A5-5AD9D1CE1143}.Release|Any CPU.ActiveCfg = Release|Any CPU
		{3969D9D2-059C-1D7F-86A5-5AD9D1CE1143}.Release|Any CPU.Build.0 = Release|Any CPU
		{B313A609-9D44-A8A5-A1BE-27B344F7AFEA}.Debug|Any CPU.ActiveCfg = Debug|Any CPU
		{B313A609-9D44-A8A5-A1BE-27B344F7AFEA}.Debug|Any CPU.Build.0 = Debug|Any CPU
		{B313A609-9D44-A8A5-A1BE-27B344F7AFEA}.Release|Any CPU.ActiveCfg = Release|Any CPU
		{B313A609-9D44-A8A5-A1BE-27B344F7AFEA}.Release|Any CPU.Build.0 = Release|Any CPU
		{8FA721DF-003E-970A-868F-422B33B04BDC}.Debug|Any CPU.ActiveCfg = Debug|Any CPU
		{8FA721DF-003E-970A-868F-422B33B04BDC}.Debug|Any CPU.Build.0 = Debug|Any CPU
		{8FA721DF-003E-970A-868F-422B33B04BDC}.Release|Any CPU.ActiveCfg = Release|Any CPU
		{8FA721DF-003E-970A-868F-422B33B04BDC}.Release|Any CPU.Build.0 = Release|Any CPU
		{B5E43012-CACC-57E4-3BF1-018316283A15}.Debug|Any CPU.ActiveCfg = Debug|Any CPU
		{B5E43012-CACC-57E4-3BF1-018316283A15}.Debug|Any CPU.Build.0 = Debug|Any CPU
		{B5E43012-CACC-57E4-3BF1-018316283A15}.Release|Any CPU.ActiveCfg = Release|Any CPU
		{B5E43012-CACC-57E4-3BF1-018316283A15}.Release|Any CPU.Build.0 = Release|Any CPU
		{9FDCE90B-3FE7-2D8F-1DB7-BAAE37342489}.Debug|Any CPU.ActiveCfg = Debug|Any CPU
		{9FDCE90B-3FE7-2D8F-1DB7-BAAE37342489}.Debug|Any CPU.Build.0 = Debug|Any CPU
		{9FDCE90B-3FE7-2D8F-1DB7-BAAE37342489}.Release|Any CPU.ActiveCfg = Release|Any CPU
		{9FDCE90B-3FE7-2D8F-1DB7-BAAE37342489}.Release|Any CPU.Build.0 = Release|Any CPU
		{39647E62-EC6C-823B-6156-69B3EBFAA77F}.Debug|Any CPU.ActiveCfg = Debug|Any CPU
		{39647E62-EC6C-823B-6156-69B3EBFAA77F}.Debug|Any CPU.Build.0 = Debug|Any CPU
		{39647E62-EC6C-823B-6156-69B3EBFAA77F}.Release|Any CPU.ActiveCfg = Release|Any CPU
		{39647E62-EC6C-823B-6156-69B3EBFAA77F}.Release|Any CPU.Build.0 = Release|Any CPU
		{21320879-DB13-24B0-B4A1-96E6503252D2}.Debug|Any CPU.ActiveCfg = Debug|Any CPU
		{21320879-DB13-24B0-B4A1-96E6503252D2}.Debug|Any CPU.Build.0 = Debug|Any CPU
		{21320879-DB13-24B0-B4A1-96E6503252D2}.Release|Any CPU.ActiveCfg = Release|Any CPU
		{21320879-DB13-24B0-B4A1-96E6503252D2}.Release|Any CPU.Build.0 = Release|Any CPU
		{C53EF3D0-CAD0-4DC4-0C2F-D594E0909DDF}.Debug|Any CPU.ActiveCfg = Debug|Any CPU
		{C53EF3D0-CAD0-4DC4-0C2F-D594E0909DDF}.Debug|Any CPU.Build.0 = Debug|Any CPU
		{C53EF3D0-CAD0-4DC4-0C2F-D594E0909DDF}.Release|Any CPU.ActiveCfg = Release|Any CPU
		{C53EF3D0-CAD0-4DC4-0C2F-D594E0909DDF}.Release|Any CPU.Build.0 = Release|Any CPU
		{581BADE6-4A9B-4390-7D65-2848DFBACD1D}.Debug|Any CPU.ActiveCfg = Debug|Any CPU
		{581BADE6-4A9B-4390-7D65-2848DFBACD1D}.Debug|Any CPU.Build.0 = Debug|Any CPU
		{581BADE6-4A9B-4390-7D65-2848DFBACD1D}.Release|Any CPU.ActiveCfg = Release|Any CPU
		{581BADE6-4A9B-4390-7D65-2848DFBACD1D}.Release|Any CPU.Build.0 = Release|Any CPU
		{1DB30758-6D4C-0DBF-A367-95E6384E6CBF}.Debug|Any CPU.ActiveCfg = Debug|Any CPU
		{1DB30758-6D4C-0DBF-A367-95E6384E6CBF}.Debug|Any CPU.Build.0 = Debug|Any CPU
		{1DB30758-6D4C-0DBF-A367-95E6384E6CBF}.Release|Any CPU.ActiveCfg = Release|Any CPU
		{1DB30758-6D4C-0DBF-A367-95E6384E6CBF}.Release|Any CPU.Build.0 = Release|Any CPU
		{C2F5C971-7FB7-6DBD-C08A-EF03F8E0177D}.Debug|Any CPU.ActiveCfg = Debug|Any CPU
		{C2F5C971-7FB7-6DBD-C08A-EF03F8E0177D}.Debug|Any CPU.Build.0 = Debug|Any CPU
		{C2F5C971-7FB7-6DBD-C08A-EF03F8E0177D}.Release|Any CPU.ActiveCfg = Release|Any CPU
		{C2F5C971-7FB7-6DBD-C08A-EF03F8E0177D}.Release|Any CPU.Build.0 = Release|Any CPU
		{28AEE986-1F42-830B-2C79-D0E76E2930A0}.Debug|Any CPU.ActiveCfg = Debug|Any CPU
		{28AEE986-1F42-830B-2C79-D0E76E2930A0}.Debug|Any CPU.Build.0 = Debug|Any CPU
		{28AEE986-1F42-830B-2C79-D0E76E2930A0}.Release|Any CPU.ActiveCfg = Release|Any CPU
		{28AEE986-1F42-830B-2C79-D0E76E2930A0}.Release|Any CPU.Build.0 = Release|Any CPU
		{3388C7EB-A595-0A35-EC75-EB4A415BAA13}.Debug|Any CPU.ActiveCfg = Debug|Any CPU
		{3388C7EB-A595-0A35-EC75-EB4A415BAA13}.Debug|Any CPU.Build.0 = Debug|Any CPU
		{3388C7EB-A595-0A35-EC75-EB4A415BAA13}.Release|Any CPU.ActiveCfg = Release|Any CPU
		{3388C7EB-A595-0A35-EC75-EB4A415BAA13}.Release|Any CPU.Build.0 = Release|Any CPU
		{420046A0-CE1A-2F81-479D-B08F8646A5DA}.Debug|Any CPU.ActiveCfg = Debug|Any CPU
		{420046A0-CE1A-2F81-479D-B08F8646A5DA}.Debug|Any CPU.Build.0 = Debug|Any CPU
		{420046A0-CE1A-2F81-479D-B08F8646A5DA}.Release|Any CPU.ActiveCfg = Release|Any CPU
		{420046A0-CE1A-2F81-479D-B08F8646A5DA}.Release|Any CPU.Build.0 = Release|Any CPU
		{2F6A03E9-B5C8-D901-5C1E-5FC9E0C67AFF}.Debug|Any CPU.ActiveCfg = Debug|Any CPU
		{2F6A03E9-B5C8-D901-5C1E-5FC9E0C67AFF}.Debug|Any CPU.Build.0 = Debug|Any CPU
		{2F6A03E9-B5C8-D901-5C1E-5FC9E0C67AFF}.Release|Any CPU.ActiveCfg = Release|Any CPU
		{2F6A03E9-B5C8-D901-5C1E-5FC9E0C67AFF}.Release|Any CPU.Build.0 = Release|Any CPU
		{0DE2F866-F2A0-0D57-51DF-830FFE17BE1B}.Debug|Any CPU.ActiveCfg = Debug|Any CPU
		{0DE2F866-F2A0-0D57-51DF-830FFE17BE1B}.Debug|Any CPU.Build.0 = Debug|Any CPU
		{0DE2F866-F2A0-0D57-51DF-830FFE17BE1B}.Release|Any CPU.ActiveCfg = Release|Any CPU
		{0DE2F866-F2A0-0D57-51DF-830FFE17BE1B}.Release|Any CPU.Build.0 = Release|Any CPU
		{A490FAAC-08CC-7DA3-473C-231A371D1FE0}.Debug|Any CPU.ActiveCfg = Debug|Any CPU
		{A490FAAC-08CC-7DA3-473C-231A371D1FE0}.Debug|Any CPU.Build.0 = Debug|Any CPU
		{A490FAAC-08CC-7DA3-473C-231A371D1FE0}.Release|Any CPU.ActiveCfg = Release|Any CPU
		{A490FAAC-08CC-7DA3-473C-231A371D1FE0}.Release|Any CPU.Build.0 = Release|Any CPU
		{646B3919-628F-1414-79BC-2348490F0B83}.Debug|Any CPU.ActiveCfg = Debug|Any CPU
		{646B3919-628F-1414-79BC-2348490F0B83}.Debug|Any CPU.Build.0 = Debug|Any CPU
		{646B3919-628F-1414-79BC-2348490F0B83}.Release|Any CPU.ActiveCfg = Release|Any CPU
		{646B3919-628F-1414-79BC-2348490F0B83}.Release|Any CPU.Build.0 = Release|Any CPU
		{520D8D0D-CBAF-9F88-9E25-8002E477C6A5}.Debug|Any CPU.ActiveCfg = Debug|Any CPU
		{520D8D0D-CBAF-9F88-9E25-8002E477C6A5}.Debug|Any CPU.Build.0 = Debug|Any CPU
		{520D8D0D-CBAF-9F88-9E25-8002E477C6A5}.Release|Any CPU.ActiveCfg = Release|Any CPU
		{520D8D0D-CBAF-9F88-9E25-8002E477C6A5}.Release|Any CPU.Build.0 = Release|Any CPU
		{E791A8E6-8F9A-2CAF-56B0-5BFC609231E2}.Debug|Any CPU.ActiveCfg = Debug|Any CPU
		{E791A8E6-8F9A-2CAF-56B0-5BFC609231E2}.Debug|Any CPU.Build.0 = Debug|Any CPU
		{E791A8E6-8F9A-2CAF-56B0-5BFC609231E2}.Release|Any CPU.ActiveCfg = Release|Any CPU
		{E791A8E6-8F9A-2CAF-56B0-5BFC609231E2}.Release|Any CPU.Build.0 = Release|Any CPU
		{2718572F-0748-286D-B91D-D791F4E258EC}.Debug|Any CPU.ActiveCfg = Debug|Any CPU
		{2718572F-0748-286D-B91D-D791F4E258EC}.Debug|Any CPU.Build.0 = Debug|Any CPU
		{2718572F-0748-286D-B91D-D791F4E258EC}.Release|Any CPU.ActiveCfg = Release|Any CPU
		{2718572F-0748-286D-B91D-D791F4E258EC}.Release|Any CPU.Build.0 = Release|Any CPU
		{65CA75D8-3A25-4C09-87B2-2BDC1B0F8726}.Debug|Any CPU.ActiveCfg = Debug|Any CPU
		{65CA75D8-3A25-4C09-87B2-2BDC1B0F8726}.Debug|Any CPU.Build.0 = Debug|Any CPU
		{65CA75D8-3A25-4C09-87B2-2BDC1B0F8726}.Release|Any CPU.ActiveCfg = Release|Any CPU
		{65CA75D8-3A25-4C09-87B2-2BDC1B0F8726}.Release|Any CPU.Build.0 = Release|Any CPU
		{536D5ACB-C839-98DF-7F8B-87324DD001C2}.Debug|Any CPU.ActiveCfg = Debug|Any CPU
		{536D5ACB-C839-98DF-7F8B-87324DD001C2}.Debug|Any CPU.Build.0 = Debug|Any CPU
		{536D5ACB-C839-98DF-7F8B-87324DD001C2}.Release|Any CPU.ActiveCfg = Release|Any CPU
		{536D5ACB-C839-98DF-7F8B-87324DD001C2}.Release|Any CPU.Build.0 = Release|Any CPU
		{CAC1248A-4767-CF9C-8B3E-90F471D7C9DF}.Debug|Any CPU.ActiveCfg = Debug|Any CPU
		{CAC1248A-4767-CF9C-8B3E-90F471D7C9DF}.Debug|Any CPU.Build.0 = Debug|Any CPU
		{CAC1248A-4767-CF9C-8B3E-90F471D7C9DF}.Release|Any CPU.ActiveCfg = Release|Any CPU
		{CAC1248A-4767-CF9C-8B3E-90F471D7C9DF}.Release|Any CPU.Build.0 = Release|Any CPU
		{82004194-1887-7585-D292-BE7E381614FB}.Debug|Any CPU.ActiveCfg = Debug|Any CPU
		{82004194-1887-7585-D292-BE7E381614FB}.Debug|Any CPU.Build.0 = Debug|Any CPU
		{82004194-1887-7585-D292-BE7E381614FB}.Release|Any CPU.ActiveCfg = Release|Any CPU
		{82004194-1887-7585-D292-BE7E381614FB}.Release|Any CPU.Build.0 = Release|Any CPU
		{9A8FB622-2429-F01B-E2E2-DADFEDA96B3D}.Debug|Any CPU.ActiveCfg = Debug|Any CPU
		{9A8FB622-2429-F01B-E2E2-DADFEDA96B3D}.Debug|Any CPU.Build.0 = Debug|Any CPU
		{9A8FB622-2429-F01B-E2E2-DADFEDA96B3D}.Release|Any CPU.ActiveCfg = Release|Any CPU
		{9A8FB622-2429-F01B-E2E2-DADFEDA96B3D}.Release|Any CPU.Build.0 = Release|Any CPU
		{555826BF-8B5B-C2B9-EE14-21E954BE356D}.Debug|Any CPU.ActiveCfg = Debug|Any CPU
		{555826BF-8B5B-C2B9-EE14-21E954BE356D}.Debug|Any CPU.Build.0 = Debug|Any CPU
		{555826BF-8B5B-C2B9-EE14-21E954BE356D}.Release|Any CPU.ActiveCfg = Release|Any CPU
		{555826BF-8B5B-C2B9-EE14-21E954BE356D}.Release|Any CPU.Build.0 = Release|Any CPU
		{2FDAC37F-B837-090B-303B-C7F6DEF66FBD}.Debug|Any CPU.ActiveCfg = Debug|Any CPU
		{2FDAC37F-B837-090B-303B-C7F6DEF66FBD}.Debug|Any CPU.Build.0 = Debug|Any CPU
		{2FDAC37F-B837-090B-303B-C7F6DEF66FBD}.Release|Any CPU.ActiveCfg = Release|Any CPU
		{2FDAC37F-B837-090B-303B-C7F6DEF66FBD}.Release|Any CPU.Build.0 = Release|Any CPU
		{E9063531-A212-1652-F87C-A86191B16B0D}.Debug|Any CPU.ActiveCfg = Debug|Any CPU
		{E9063531-A212-1652-F87C-A86191B16B0D}.Debug|Any CPU.Build.0 = Debug|Any CPU
		{E9063531-A212-1652-F87C-A86191B16B0D}.Release|Any CPU.ActiveCfg = Release|Any CPU
		{E9063531-A212-1652-F87C-A86191B16B0D}.Release|Any CPU.Build.0 = Release|Any CPU
		{02DF3A69-CAB6-D2FB-E6C8-3B27FC614A14}.Debug|Any CPU.ActiveCfg = Debug|Any CPU
		{02DF3A69-CAB6-D2FB-E6C8-3B27FC614A14}.Debug|Any CPU.Build.0 = Debug|Any CPU
		{02DF3A69-CAB6-D2FB-E6C8-3B27FC614A14}.Release|Any CPU.ActiveCfg = Release|Any CPU
		{02DF3A69-CAB6-D2FB-E6C8-3B27FC614A14}.Release|Any CPU.Build.0 = Release|Any CPU
		{B4901415-F202-75C6-CB9C-49D3057D123B}.Debug|Any CPU.ActiveCfg = Debug|Any CPU
		{B4901415-F202-75C6-CB9C-49D3057D123B}.Debug|Any CPU.Build.0 = Debug|Any CPU
		{B4901415-F202-75C6-CB9C-49D3057D123B}.Release|Any CPU.ActiveCfg = Release|Any CPU
		{B4901415-F202-75C6-CB9C-49D3057D123B}.Release|Any CPU.Build.0 = Release|Any CPU
		{F54C218E-B1E6-691E-0B97-A9C0A8D80E7F}.Debug|Any CPU.ActiveCfg = Debug|Any CPU
		{F54C218E-B1E6-691E-0B97-A9C0A8D80E7F}.Debug|Any CPU.Build.0 = Debug|Any CPU
		{F54C218E-B1E6-691E-0B97-A9C0A8D80E7F}.Release|Any CPU.ActiveCfg = Release|Any CPU
		{F54C218E-B1E6-691E-0B97-A9C0A8D80E7F}.Release|Any CPU.Build.0 = Release|Any CPU
		{0B6E558D-05C4-3DB9-83BB-C6E5801C95DA}.Debug|Any CPU.ActiveCfg = Debug|Any CPU
		{0B6E558D-05C4-3DB9-83BB-C6E5801C95DA}.Debug|Any CPU.Build.0 = Debug|Any CPU
		{0B6E558D-05C4-3DB9-83BB-C6E5801C95DA}.Release|Any CPU.ActiveCfg = Release|Any CPU
		{0B6E558D-05C4-3DB9-83BB-C6E5801C95DA}.Release|Any CPU.Build.0 = Release|Any CPU
		{EF01D991-9751-E8E4-EDA2-E1116A1513F2}.Debug|Any CPU.ActiveCfg = Debug|Any CPU
		{EF01D991-9751-E8E4-EDA2-E1116A1513F2}.Debug|Any CPU.Build.0 = Debug|Any CPU
		{EF01D991-9751-E8E4-EDA2-E1116A1513F2}.Release|Any CPU.ActiveCfg = Release|Any CPU
		{EF01D991-9751-E8E4-EDA2-E1116A1513F2}.Release|Any CPU.Build.0 = Release|Any CPU
		{F40FA074-DF16-AABB-AC67-E7631367CAC5}.Debug|Any CPU.ActiveCfg = Debug|Any CPU
		{F40FA074-DF16-AABB-AC67-E7631367CAC5}.Debug|Any CPU.Build.0 = Debug|Any CPU
		{F40FA074-DF16-AABB-AC67-E7631367CAC5}.Release|Any CPU.ActiveCfg = Release|Any CPU
		{F40FA074-DF16-AABB-AC67-E7631367CAC5}.Release|Any CPU.Build.0 = Release|Any CPU
		{A5D24F5D-B070-6B65-6F21-7C8081217533}.Debug|Any CPU.ActiveCfg = Debug|Any CPU
		{A5D24F5D-B070-6B65-6F21-7C8081217533}.Debug|Any CPU.Build.0 = Debug|Any CPU
		{A5D24F5D-B070-6B65-6F21-7C8081217533}.Release|Any CPU.ActiveCfg = Release|Any CPU
		{A5D24F5D-B070-6B65-6F21-7C8081217533}.Release|Any CPU.Build.0 = Release|Any CPU
		{AC4118F9-BF1E-F75E-4092-6737B1C5F17A}.Debug|Any CPU.ActiveCfg = Debug|Any CPU
		{AC4118F9-BF1E-F75E-4092-6737B1C5F17A}.Debug|Any CPU.Build.0 = Debug|Any CPU
		{AC4118F9-BF1E-F75E-4092-6737B1C5F17A}.Release|Any CPU.ActiveCfg = Release|Any CPU
		{AC4118F9-BF1E-F75E-4092-6737B1C5F17A}.Release|Any CPU.Build.0 = Release|Any CPU
		{C2F7E4C3-39C2-939A-33BE-77729530964F}.Debug|Any CPU.ActiveCfg = Debug|Any CPU
		{C2F7E4C3-39C2-939A-33BE-77729530964F}.Debug|Any CPU.Build.0 = Debug|Any CPU
		{C2F7E4C3-39C2-939A-33BE-77729530964F}.Release|Any CPU.ActiveCfg = Release|Any CPU
		{C2F7E4C3-39C2-939A-33BE-77729530964F}.Release|Any CPU.Build.0 = Release|Any CPU
		{D0C1CE3F-AE4F-0D66-75BB-E9BD851E287D}.Debug|Any CPU.ActiveCfg = Debug|Any CPU
		{D0C1CE3F-AE4F-0D66-75BB-E9BD851E287D}.Debug|Any CPU.Build.0 = Debug|Any CPU
		{D0C1CE3F-AE4F-0D66-75BB-E9BD851E287D}.Release|Any CPU.ActiveCfg = Release|Any CPU
		{D0C1CE3F-AE4F-0D66-75BB-E9BD851E287D}.Release|Any CPU.Build.0 = Release|Any CPU
		{321D4D58-976D-24F2-7854-7F100C662DD7}.Debug|Any CPU.ActiveCfg = Debug|Any CPU
		{321D4D58-976D-24F2-7854-7F100C662DD7}.Debug|Any CPU.Build.0 = Debug|Any CPU
		{321D4D58-976D-24F2-7854-7F100C662DD7}.Release|Any CPU.ActiveCfg = Release|Any CPU
		{321D4D58-976D-24F2-7854-7F100C662DD7}.Release|Any CPU.Build.0 = Release|Any CPU
		{D19E527B-6CDC-D901-4E05-9C8143EDFD44}.Debug|Any CPU.ActiveCfg = Debug|Any CPU
		{D19E527B-6CDC-D901-4E05-9C8143EDFD44}.Debug|Any CPU.Build.0 = Debug|Any CPU
		{D19E527B-6CDC-D901-4E05-9C8143EDFD44}.Release|Any CPU.ActiveCfg = Release|Any CPU
		{D19E527B-6CDC-D901-4E05-9C8143EDFD44}.Release|Any CPU.Build.0 = Release|Any CPU
		{F7909A1D-26FB-ABD5-84B6-BE32EB731F7E}.Debug|Any CPU.ActiveCfg = Debug|Any CPU
		{F7909A1D-26FB-ABD5-84B6-BE32EB731F7E}.Debug|Any CPU.Build.0 = Debug|Any CPU
		{F7909A1D-26FB-ABD5-84B6-BE32EB731F7E}.Release|Any CPU.ActiveCfg = Release|Any CPU
		{F7909A1D-26FB-ABD5-84B6-BE32EB731F7E}.Release|Any CPU.Build.0 = Release|Any CPU
		{D41C5E24-D196-7037-8AD6-C24E76C7A235}.Debug|Any CPU.ActiveCfg = Debug|Any CPU
		{D41C5E24-D196-7037-8AD6-C24E76C7A235}.Debug|Any CPU.Build.0 = Debug|Any CPU
		{D41C5E24-D196-7037-8AD6-C24E76C7A235}.Release|Any CPU.ActiveCfg = Release|Any CPU
		{D41C5E24-D196-7037-8AD6-C24E76C7A235}.Release|Any CPU.Build.0 = Release|Any CPU
		{CC7E172E-C4E0-B7D5-12C1-DE2D1ED8B69F}.Debug|Any CPU.ActiveCfg = Debug|Any CPU
		{CC7E172E-C4E0-B7D5-12C1-DE2D1ED8B69F}.Debug|Any CPU.Build.0 = Debug|Any CPU
		{CC7E172E-C4E0-B7D5-12C1-DE2D1ED8B69F}.Release|Any CPU.ActiveCfg = Release|Any CPU
		{CC7E172E-C4E0-B7D5-12C1-DE2D1ED8B69F}.Release|Any CPU.Build.0 = Release|Any CPU
		{92845C6D-2478-3A69-F340-94BA78239508}.Debug|Any CPU.ActiveCfg = Debug|Any CPU
		{92845C6D-2478-3A69-F340-94BA78239508}.Debug|Any CPU.Build.0 = Debug|Any CPU
		{92845C6D-2478-3A69-F340-94BA78239508}.Release|Any CPU.ActiveCfg = Release|Any CPU
		{92845C6D-2478-3A69-F340-94BA78239508}.Release|Any CPU.Build.0 = Release|Any CPU
		{73072628-F90C-ABEA-796D-9E54C520058C}.Debug|Any CPU.ActiveCfg = Debug|Any CPU
		{73072628-F90C-ABEA-796D-9E54C520058C}.Debug|Any CPU.Build.0 = Debug|Any CPU
		{73072628-F90C-ABEA-796D-9E54C520058C}.Release|Any CPU.ActiveCfg = Release|Any CPU
		{73072628-F90C-ABEA-796D-9E54C520058C}.Release|Any CPU.Build.0 = Release|Any CPU
		{D720370E-E09C-E2A2-4B59-79B098493DE9}.Debug|Any CPU.ActiveCfg = Debug|Any CPU
		{D720370E-E09C-E2A2-4B59-79B098493DE9}.Debug|Any CPU.Build.0 = Debug|Any CPU
		{D720370E-E09C-E2A2-4B59-79B098493DE9}.Release|Any CPU.ActiveCfg = Release|Any CPU
		{D720370E-E09C-E2A2-4B59-79B098493DE9}.Release|Any CPU.Build.0 = Release|Any CPU
		{6EF06526-8820-1799-FCD7-69C2F6F9E05F}.Debug|Any CPU.ActiveCfg = Debug|Any CPU
		{6EF06526-8820-1799-FCD7-69C2F6F9E05F}.Debug|Any CPU.Build.0 = Debug|Any CPU
		{6EF06526-8820-1799-FCD7-69C2F6F9E05F}.Release|Any CPU.ActiveCfg = Release|Any CPU
		{6EF06526-8820-1799-FCD7-69C2F6F9E05F}.Release|Any CPU.Build.0 = Release|Any CPU
		{9D1AD894-D02A-0C64-D129-6950784F0E76}.Debug|Any CPU.ActiveCfg = Debug|Any CPU
		{9D1AD894-D02A-0C64-D129-6950784F0E76}.Debug|Any CPU.Build.0 = Debug|Any CPU
		{9D1AD894-D02A-0C64-D129-6950784F0E76}.Release|Any CPU.ActiveCfg = Release|Any CPU
		{9D1AD894-D02A-0C64-D129-6950784F0E76}.Release|Any CPU.Build.0 = Release|Any CPU
		{4575AE56-DC1E-37FB-DE94-B358E9A2F46D}.Debug|Any CPU.ActiveCfg = Debug|Any CPU
		{4575AE56-DC1E-37FB-DE94-B358E9A2F46D}.Debug|Any CPU.Build.0 = Debug|Any CPU
		{4575AE56-DC1E-37FB-DE94-B358E9A2F46D}.Release|Any CPU.ActiveCfg = Release|Any CPU
		{4575AE56-DC1E-37FB-DE94-B358E9A2F46D}.Release|Any CPU.Build.0 = Release|Any CPU
		{486F7ADA-2E5A-CBE0-B38D-03B6322D80F3}.Debug|Any CPU.ActiveCfg = Debug|Any CPU
		{486F7ADA-2E5A-CBE0-B38D-03B6322D80F3}.Debug|Any CPU.Build.0 = Debug|Any CPU
		{486F7ADA-2E5A-CBE0-B38D-03B6322D80F3}.Release|Any CPU.ActiveCfg = Release|Any CPU
		{486F7ADA-2E5A-CBE0-B38D-03B6322D80F3}.Release|Any CPU.Build.0 = Release|Any CPU
		{6A034565-0DE3-46BF-7281-4E554C67C0AC}.Debug|Any CPU.ActiveCfg = Debug|Any CPU
		{6A034565-0DE3-46BF-7281-4E554C67C0AC}.Debug|Any CPU.Build.0 = Debug|Any CPU
		{6A034565-0DE3-46BF-7281-4E554C67C0AC}.Release|Any CPU.ActiveCfg = Release|Any CPU
		{6A034565-0DE3-46BF-7281-4E554C67C0AC}.Release|Any CPU.Build.0 = Release|Any CPU
		{7EE6A873-E8EF-2F64-390F-CCEB78D247C3}.Debug|Any CPU.ActiveCfg = Debug|Any CPU
		{7EE6A873-E8EF-2F64-390F-CCEB78D247C3}.Debug|Any CPU.Build.0 = Debug|Any CPU
		{7EE6A873-E8EF-2F64-390F-CCEB78D247C3}.Release|Any CPU.ActiveCfg = Release|Any CPU
		{7EE6A873-E8EF-2F64-390F-CCEB78D247C3}.Release|Any CPU.Build.0 = Release|Any CPU
		{264AD465-7705-C328-B598-06FE97BE4168}.Debug|Any CPU.ActiveCfg = Debug|Any CPU
		{264AD465-7705-C328-B598-06FE97BE4168}.Debug|Any CPU.Build.0 = Debug|Any CPU
		{264AD465-7705-C328-B598-06FE97BE4168}.Release|Any CPU.ActiveCfg = Release|Any CPU
		{264AD465-7705-C328-B598-06FE97BE4168}.Release|Any CPU.Build.0 = Release|Any CPU
		{8097BE0E-D2F5-2ECA-EE79-9205F46EB2C4}.Debug|Any CPU.ActiveCfg = Debug|Any CPU
		{8097BE0E-D2F5-2ECA-EE79-9205F46EB2C4}.Debug|Any CPU.Build.0 = Debug|Any CPU
		{8097BE0E-D2F5-2ECA-EE79-9205F46EB2C4}.Release|Any CPU.ActiveCfg = Release|Any CPU
		{8097BE0E-D2F5-2ECA-EE79-9205F46EB2C4}.Release|Any CPU.Build.0 = Release|Any CPU
		{4B6FD2BA-8E08-7561-8079-2670ED590CBA}.Debug|Any CPU.ActiveCfg = Debug|Any CPU
		{4B6FD2BA-8E08-7561-8079-2670ED590CBA}.Debug|Any CPU.Build.0 = Debug|Any CPU
		{4B6FD2BA-8E08-7561-8079-2670ED590CBA}.Release|Any CPU.ActiveCfg = Release|Any CPU
		{4B6FD2BA-8E08-7561-8079-2670ED590CBA}.Release|Any CPU.Build.0 = Release|Any CPU
		{D8D628C9-FB1D-A15A-4C3F-3BB748D2CBDB}.Debug|Any CPU.ActiveCfg = Debug|Any CPU
		{D8D628C9-FB1D-A15A-4C3F-3BB748D2CBDB}.Debug|Any CPU.Build.0 = Debug|Any CPU
		{D8D628C9-FB1D-A15A-4C3F-3BB748D2CBDB}.Release|Any CPU.ActiveCfg = Release|Any CPU
		{D8D628C9-FB1D-A15A-4C3F-3BB748D2CBDB}.Release|Any CPU.Build.0 = Release|Any CPU
		{249C299C-F0DF-4A43-8EF5-F70C1CDFF86D}.Debug|Any CPU.ActiveCfg = Debug|Any CPU
		{249C299C-F0DF-4A43-8EF5-F70C1CDFF86D}.Debug|Any CPU.Build.0 = Debug|Any CPU
		{249C299C-F0DF-4A43-8EF5-F70C1CDFF86D}.Release|Any CPU.ActiveCfg = Release|Any CPU
		{249C299C-F0DF-4A43-8EF5-F70C1CDFF86D}.Release|Any CPU.Build.0 = Release|Any CPU
	EndGlobalSection
	GlobalSection(SolutionProperties) = preSolution
		HideSolutionNode = FALSE
	EndGlobalSection
EndGlobal
